// !$*UTF8*$!
{
	archiveVersion = 1;
	classes = {
	};
	objectVersion = 63;
	objects = {

/* Begin PBXBuildFile section */
		041BBDF0C87FB6FE56891863 /* Pods_ImageNotification.framework in Frameworks */ = {isa = PBXBuildFile; fileRef = 27936E1B98749B6E6A2F8CB7 /* Pods_ImageNotification.framework */; };
		1498D2341E8E89220040F4C2 /* GeneratedPluginRegistrant.m in Sources */ = {isa = PBXBuildFile; fileRef = 1498D2331E8E89220040F4C2 /* GeneratedPluginRegistrant.m */; };
		3B3967161E833CAA004F5970 /* AppFrameworkInfo.plist in Resources */ = {isa = PBXBuildFile; fileRef = 3B3967151E833CAA004F5970 /* AppFrameworkInfo.plist */; };
		430D31B3DAA784CC6FD73D39 /* Pods_Runner.framework in Frameworks */ = {isa = PBXBuildFile; fileRef = F5B00809B804F204C69CB0D5 /* Pods_Runner.framework */; };
		74858FAF1ED2DC5600515810 /* AppDelegate.swift in Sources */ = {isa = PBXBuildFile; fileRef = 74858FAE1ED2DC5600515810 /* AppDelegate.swift */; };
		97C146FC1CF9000F007C117D /* Main.storyboard in Resources */ = {isa = PBXBuildFile; fileRef = 97C146FA1CF9000F007C117D /* Main.storyboard */; };
		97C146FE1CF9000F007C117D /* Assets.xcassets in Resources */ = {isa = PBXBuildFile; fileRef = 97C146FD1CF9000F007C117D /* Assets.xcassets */; };
		97C147011CF9000F007C117D /* LaunchScreen.storyboard in Resources */ = {isa = PBXBuildFile; fileRef = 97C146FF1CF9000F007C117D /* LaunchScreen.storyboard */; };
		D3A1AFCF0E547A3FD4486C27 /* GoogleService-Info.plist in Resources */ = {isa = PBXBuildFile; fileRef = 16668AA3ADF6D2301677D187 /* GoogleService-Info.plist */; };
		F40D647B2ABA5CE10088D39C /* ReplayKit.framework in Frameworks */ = {isa = PBXBuildFile; fileRef = F4A60ED82ABA2F51003CA827 /* ReplayKit.framework */; };
		F40D64822ABA5CE10088D39C /* Broadcast Extension.appex in Embed Foundation Extensions */ = {isa = PBXBuildFile; fileRef = F40D647A2ABA5CE10088D39C /* Broadcast Extension.appex */; settings = {ATTRIBUTES = (RemoveHeadersOnCopy, ); }; };
		F40D64872ABA5D400088D39C /* SocketConnection.swift in Sources */ = {isa = PBXBuildFile; fileRef = F40D646F2ABA3BB70088D39C /* SocketConnection.swift */; };
		F40D64882ABA5D400088D39C /* Atomic.swift in Sources */ = {isa = PBXBuildFile; fileRef = F40D646D2ABA3B9F0088D39C /* Atomic.swift */; };
		F40D648A2ABA5D400088D39C /* DarwinNotificationCenter.swift in Sources */ = {isa = PBXBuildFile; fileRef = F40D64712ABA3BB70088D39C /* DarwinNotificationCenter.swift */; };
		F40D648B2ABA5D400088D39C /* SampleUploader.swift in Sources */ = {isa = PBXBuildFile; fileRef = F40D64722ABA3BB70088D39C /* SampleUploader.swift */; };
		F40D648F2ABA5E3C0088D39C /* SampleHandler.swift in Sources */ = {isa = PBXBuildFile; fileRef = F40D648E2ABA5E3C0088D39C /* SampleHandler.swift */; };
		F40D649A2ABDA97A0088D39C /* NotificationService.m in Sources */ = {isa = PBXBuildFile; fileRef = F40D64992ABDA97A0088D39C /* NotificationService.m */; };
		F40D649E2ABDA97A0088D39C /* ImageNotification.appex in Embed Foundation Extensions */ = {isa = PBXBuildFile; fileRef = F40D64962ABDA97A0088D39C /* ImageNotification.appex */; settings = {ATTRIBUTES = (RemoveHeadersOnCopy, ); }; };
		F41955F42A361F68008F271E /* ShareViewController.swift in Sources */ = {isa = PBXBuildFile; fileRef = F41955F32A361F68008F271E /* ShareViewController.swift */; };
		F41955F72A361F68008F271E /* MainInterface.storyboard in Resources */ = {isa = PBXBuildFile; fileRef = F41955F52A361F68008F271E /* MainInterface.storyboard */; };
		F41955FB2A361F68008F271E /* Share Extension.appex in Embed Foundation Extensions */ = {isa = PBXBuildFile; fileRef = F41955F12A361F68008F271E /* Share Extension.appex */; settings = {ATTRIBUTES = (RemoveHeadersOnCopy, ); }; };
		F455125E2A3749E300DBE275 /* SharingFile.swift in Sources */ = {isa = PBXBuildFile; fileRef = F455125D2A3749E300DBE275 /* SharingFile.swift */; };
		F45512602A374A0F00DBE275 /* SharingFileType.swift in Sources */ = {isa = PBXBuildFile; fileRef = F455125F2A374A0F00DBE275 /* SharingFileType.swift */; };
/* End PBXBuildFile section */

/* Begin PBXContainerItemProxy section */
		F40D64802ABA5CE10088D39C /* PBXContainerItemProxy */ = {
			isa = PBXContainerItemProxy;
			containerPortal = 97C146E61CF9000F007C117D /* Project object */;
			proxyType = 1;
			remoteGlobalIDString = F40D64792ABA5CE10088D39C;
			remoteInfo = "Broadcast Extension";
		};
		F40D649C2ABDA97A0088D39C /* PBXContainerItemProxy */ = {
			isa = PBXContainerItemProxy;
			containerPortal = 97C146E61CF9000F007C117D /* Project object */;
			proxyType = 1;
			remoteGlobalIDString = F40D64952ABDA97A0088D39C;
			remoteInfo = ImageNotification;
		};
		F41955F92A361F68008F271E /* PBXContainerItemProxy */ = {
			isa = PBXContainerItemProxy;
			containerPortal = 97C146E61CF9000F007C117D /* Project object */;
			proxyType = 1;
			remoteGlobalIDString = F41955F02A361F68008F271E;
			remoteInfo = "Share Extension";
		};
/* End PBXContainerItemProxy section */

/* Begin PBXCopyFilesBuildPhase section */
		9705A1C41CF9048500538489 /* Embed Frameworks */ = {
			isa = PBXCopyFilesBuildPhase;
			buildActionMask = 2147483647;
			dstPath = "";
			dstSubfolderSpec = 10;
			files = (
			);
			name = "Embed Frameworks";
			runOnlyForDeploymentPostprocessing = 0;
		};
		F41955FC2A361F68008F271E /* Embed Foundation Extensions */ = {
			isa = PBXCopyFilesBuildPhase;
			buildActionMask = 12;
			dstPath = "";
			dstSubfolderSpec = 13;
			files = (
				F40D649E2ABDA97A0088D39C /* ImageNotification.appex in Embed Foundation Extensions */,
				F41955FB2A361F68008F271E /* Share Extension.appex in Embed Foundation Extensions */,
				F40D64822ABA5CE10088D39C /* Broadcast Extension.appex in Embed Foundation Extensions */,
			);
			name = "Embed Foundation Extensions";
			runOnlyForDeploymentPostprocessing = 0;
		};
/* End PBXCopyFilesBuildPhase section */

/* Begin PBXFileReference section */
		1498D2321E8E86230040F4C2 /* GeneratedPluginRegistrant.h */ = {isa = PBXFileReference; lastKnownFileType = sourcecode.c.h; path = GeneratedPluginRegistrant.h; sourceTree = "<group>"; };
		1498D2331E8E89220040F4C2 /* GeneratedPluginRegistrant.m */ = {isa = PBXFileReference; fileEncoding = 4; lastKnownFileType = sourcecode.c.objc; path = GeneratedPluginRegistrant.m; sourceTree = "<group>"; };
		16668AA3ADF6D2301677D187 /* GoogleService-Info.plist */ = {isa = PBXFileReference; includeInIndex = 1; lastKnownFileType = text.plist.xml; name = "GoogleService-Info.plist"; path = "Runner/GoogleService-Info.plist"; sourceTree = "<group>"; };
		1E7841710555E5784AAAB784 /* Pods-ImageNotification.debug.xcconfig */ = {isa = PBXFileReference; includeInIndex = 1; lastKnownFileType = text.xcconfig; name = "Pods-ImageNotification.debug.xcconfig"; path = "Target Support Files/Pods-ImageNotification/Pods-ImageNotification.debug.xcconfig"; sourceTree = "<group>"; };
		27936E1B98749B6E6A2F8CB7 /* Pods_ImageNotification.framework */ = {isa = PBXFileReference; explicitFileType = wrapper.framework; includeInIndex = 0; path = Pods_ImageNotification.framework; sourceTree = BUILT_PRODUCTS_DIR; };
		3B3967151E833CAA004F5970 /* AppFrameworkInfo.plist */ = {isa = PBXFileReference; fileEncoding = 4; lastKnownFileType = text.plist.xml; name = AppFrameworkInfo.plist; path = Flutter/AppFrameworkInfo.plist; sourceTree = "<group>"; };
		523F00C57208639A70EE4E13 /* Pods-ImageNotification.profile.xcconfig */ = {isa = PBXFileReference; includeInIndex = 1; lastKnownFileType = text.xcconfig; name = "Pods-ImageNotification.profile.xcconfig"; path = "Target Support Files/Pods-ImageNotification/Pods-ImageNotification.profile.xcconfig"; sourceTree = "<group>"; };
		74858FAD1ED2DC5600515810 /* Runner-Bridging-Header.h */ = {isa = PBXFileReference; lastKnownFileType = sourcecode.c.h; path = "Runner-Bridging-Header.h"; sourceTree = "<group>"; };
		74858FAE1ED2DC5600515810 /* AppDelegate.swift */ = {isa = PBXFileReference; fileEncoding = 4; lastKnownFileType = sourcecode.swift; path = AppDelegate.swift; sourceTree = "<group>"; };
		7AFA3C8E1D35360C0083082E /* Release.xcconfig */ = {isa = PBXFileReference; lastKnownFileType = text.xcconfig; name = Release.xcconfig; path = Flutter/Release.xcconfig; sourceTree = "<group>"; };
		7FEC15C0047CD56804D4C865 /* Pods-ImageNotification.release.xcconfig */ = {isa = PBXFileReference; includeInIndex = 1; lastKnownFileType = text.xcconfig; name = "Pods-ImageNotification.release.xcconfig"; path = "Target Support Files/Pods-ImageNotification/Pods-ImageNotification.release.xcconfig"; sourceTree = "<group>"; };
		9740EEB21CF90195004384FC /* Debug.xcconfig */ = {isa = PBXFileReference; fileEncoding = 4; lastKnownFileType = text.xcconfig; name = Debug.xcconfig; path = Flutter/Debug.xcconfig; sourceTree = "<group>"; };
		9740EEB31CF90195004384FC /* Generated.xcconfig */ = {isa = PBXFileReference; fileEncoding = 4; lastKnownFileType = text.xcconfig; name = Generated.xcconfig; path = Flutter/Generated.xcconfig; sourceTree = "<group>"; };
		97C146EE1CF9000F007C117D /* Runner.app */ = {isa = PBXFileReference; explicitFileType = wrapper.application; includeInIndex = 0; path = Runner.app; sourceTree = BUILT_PRODUCTS_DIR; };
		97C146FB1CF9000F007C117D /* Base */ = {isa = PBXFileReference; lastKnownFileType = file.storyboard; name = Base; path = Base.lproj/Main.storyboard; sourceTree = "<group>"; };
		97C146FD1CF9000F007C117D /* Assets.xcassets */ = {isa = PBXFileReference; lastKnownFileType = folder.assetcatalog; path = Assets.xcassets; sourceTree = "<group>"; };
		97C147001CF9000F007C117D /* Base */ = {isa = PBXFileReference; lastKnownFileType = file.storyboard; name = Base; path = Base.lproj/LaunchScreen.storyboard; sourceTree = "<group>"; };
		97C147021CF9000F007C117D /* Info.plist */ = {isa = PBXFileReference; lastKnownFileType = text.plist.xml; path = Info.plist; sourceTree = "<group>"; };
		9F1CE949DAB541F35CEBBC09 /* Pods-Runner.profile.xcconfig */ = {isa = PBXFileReference; includeInIndex = 1; lastKnownFileType = text.xcconfig; name = "Pods-Runner.profile.xcconfig"; path = "Target Support Files/Pods-Runner/Pods-Runner.profile.xcconfig"; sourceTree = "<group>"; };
		A7C21FB1D5FF44640303F863 /* Pods-Runner.debug.xcconfig */ = {isa = PBXFileReference; includeInIndex = 1; lastKnownFileType = text.xcconfig; name = "Pods-Runner.debug.xcconfig"; path = "Target Support Files/Pods-Runner/Pods-Runner.debug.xcconfig"; sourceTree = "<group>"; };
		CF8AF2D1649CAC492CA59EB8 /* Pods-Runner.release.xcconfig */ = {isa = PBXFileReference; includeInIndex = 1; lastKnownFileType = text.xcconfig; name = "Pods-Runner.release.xcconfig"; path = "Target Support Files/Pods-Runner/Pods-Runner.release.xcconfig"; sourceTree = "<group>"; };
		F40D646D2ABA3B9F0088D39C /* Atomic.swift */ = {isa = PBXFileReference; fileEncoding = 4; lastKnownFileType = sourcecode.swift; path = Atomic.swift; sourceTree = "<group>"; };
		F40D646F2ABA3BB70088D39C /* SocketConnection.swift */ = {isa = PBXFileReference; fileEncoding = 4; lastKnownFileType = sourcecode.swift; path = SocketConnection.swift; sourceTree = "<group>"; };
		F40D64702ABA3BB70088D39C /* BroadcastExtension.entitlements */ = {isa = PBXFileReference; fileEncoding = 4; lastKnownFileType = text.plist.entitlements; path = BroadcastExtension.entitlements; sourceTree = "<group>"; };
		F40D64712ABA3BB70088D39C /* DarwinNotificationCenter.swift */ = {isa = PBXFileReference; fileEncoding = 4; lastKnownFileType = sourcecode.swift; path = DarwinNotificationCenter.swift; sourceTree = "<group>"; };
		F40D64722ABA3BB70088D39C /* SampleUploader.swift */ = {isa = PBXFileReference; fileEncoding = 4; lastKnownFileType = sourcecode.swift; path = SampleUploader.swift; sourceTree = "<group>"; };
		F40D647A2ABA5CE10088D39C /* Broadcast Extension.appex */ = {isa = PBXFileReference; explicitFileType = "wrapper.app-extension"; includeInIndex = 0; path = "Broadcast Extension.appex"; sourceTree = BUILT_PRODUCTS_DIR; };
		F40D648E2ABA5E3C0088D39C /* SampleHandler.swift */ = {isa = PBXFileReference; fileEncoding = 4; lastKnownFileType = sourcecode.swift; path = SampleHandler.swift; sourceTree = "<group>"; };
		F40D64962ABDA97A0088D39C /* ImageNotification.appex */ = {isa = PBXFileReference; explicitFileType = "wrapper.app-extension"; includeInIndex = 0; path = ImageNotification.appex; sourceTree = BUILT_PRODUCTS_DIR; };
		F40D64982ABDA97A0088D39C /* NotificationService.h */ = {isa = PBXFileReference; lastKnownFileType = sourcecode.c.h; path = NotificationService.h; sourceTree = "<group>"; };
		F40D64992ABDA97A0088D39C /* NotificationService.m */ = {isa = PBXFileReference; lastKnownFileType = sourcecode.c.objc; path = NotificationService.m; sourceTree = "<group>"; };
		F40D649B2ABDA97A0088D39C /* Info.plist */ = {isa = PBXFileReference; lastKnownFileType = text.plist.xml; path = Info.plist; sourceTree = "<group>"; };
		F41955F12A361F68008F271E /* Share Extension.appex */ = {isa = PBXFileReference; explicitFileType = "wrapper.app-extension"; includeInIndex = 0; path = "Share Extension.appex"; sourceTree = BUILT_PRODUCTS_DIR; };
		F41955F32A361F68008F271E /* ShareViewController.swift */ = {isa = PBXFileReference; lastKnownFileType = sourcecode.swift; path = ShareViewController.swift; sourceTree = "<group>"; };
		F41955F62A361F68008F271E /* Base */ = {isa = PBXFileReference; lastKnownFileType = file.storyboard; name = Base; path = Base.lproj/MainInterface.storyboard; sourceTree = "<group>"; };
		F41955F82A361F68008F271E /* Info.plist */ = {isa = PBXFileReference; lastKnownFileType = text.plist.xml; path = Info.plist; sourceTree = "<group>"; };
		F41956012A362526008F271E /* Runner.entitlements */ = {isa = PBXFileReference; lastKnownFileType = text.plist.entitlements; path = Runner.entitlements; sourceTree = "<group>"; };
		F41956022A36260C008F271E /* Share Extension.entitlements */ = {isa = PBXFileReference; lastKnownFileType = text.plist.entitlements; path = "Share Extension.entitlements"; sourceTree = "<group>"; };
		F455125D2A3749E300DBE275 /* SharingFile.swift */ = {isa = PBXFileReference; lastKnownFileType = sourcecode.swift; path = SharingFile.swift; sourceTree = "<group>"; };
		F455125F2A374A0F00DBE275 /* SharingFileType.swift */ = {isa = PBXFileReference; lastKnownFileType = sourcecode.swift; path = SharingFileType.swift; sourceTree = "<group>"; };
		F4A60ED82ABA2F51003CA827 /* ReplayKit.framework */ = {isa = PBXFileReference; lastKnownFileType = wrapper.framework; name = ReplayKit.framework; path = System/Library/Frameworks/ReplayKit.framework; sourceTree = SDKROOT; };
		F4E542812A648E190035A3F0 /* NetworkExtension.framework */ = {isa = PBXFileReference; lastKnownFileType = wrapper.framework; name = NetworkExtension.framework; path = System/Library/Frameworks/NetworkExtension.framework; sourceTree = SDKROOT; };
		F5B00809B804F204C69CB0D5 /* Pods_Runner.framework */ = {isa = PBXFileReference; explicitFileType = wrapper.framework; includeInIndex = 0; path = Pods_Runner.framework; sourceTree = BUILT_PRODUCTS_DIR; };
/* End PBXFileReference section */

/* Begin PBXFrameworksBuildPhase section */
		97C146EB1CF9000F007C117D /* Frameworks */ = {
			isa = PBXFrameworksBuildPhase;
			buildActionMask = 2147483647;
			files = (
				430D31B3DAA784CC6FD73D39 /* Pods_Runner.framework in Frameworks */,
			);
			runOnlyForDeploymentPostprocessing = 0;
		};
		F40D64772ABA5CE10088D39C /* Frameworks */ = {
			isa = PBXFrameworksBuildPhase;
			buildActionMask = 2147483647;
			files = (
				F40D647B2ABA5CE10088D39C /* ReplayKit.framework in Frameworks */,
			);
			runOnlyForDeploymentPostprocessing = 0;
		};
		F40D64932ABDA97A0088D39C /* Frameworks */ = {
			isa = PBXFrameworksBuildPhase;
			buildActionMask = 2147483647;
			files = (
				041BBDF0C87FB6FE56891863 /* Pods_ImageNotification.framework in Frameworks */,
			);
			runOnlyForDeploymentPostprocessing = 0;
		};
		F41955EE2A361F68008F271E /* Frameworks */ = {
			isa = PBXFrameworksBuildPhase;
			buildActionMask = 2147483647;
			files = (
			);
			runOnlyForDeploymentPostprocessing = 0;
		};
/* End PBXFrameworksBuildPhase section */

/* Begin PBXGroup section */
		597AEFAF510653A06208CA64 /* Frameworks */ = {
			isa = PBXGroup;
			children = (
				F4E542812A648E190035A3F0 /* NetworkExtension.framework */,
				F4A60ED82ABA2F51003CA827 /* ReplayKit.framework */,
				27936E1B98749B6E6A2F8CB7 /* Pods_ImageNotification.framework */,
				F5B00809B804F204C69CB0D5 /* Pods_Runner.framework */,
			);
			name = Frameworks;
			sourceTree = "<group>";
		};
		91215A247515B451D89F9354 /* Pods */ = {
			isa = PBXGroup;
			children = (
				1E7841710555E5784AAAB784 /* Pods-ImageNotification.debug.xcconfig */,
				7FEC15C0047CD56804D4C865 /* Pods-ImageNotification.release.xcconfig */,
				523F00C57208639A70EE4E13 /* Pods-ImageNotification.profile.xcconfig */,
				A7C21FB1D5FF44640303F863 /* Pods-Runner.debug.xcconfig */,
				CF8AF2D1649CAC492CA59EB8 /* Pods-Runner.release.xcconfig */,
				9F1CE949DAB541F35CEBBC09 /* Pods-Runner.profile.xcconfig */,
			);
			path = Pods;
			sourceTree = "<group>";
		};
		9740EEB11CF90186004384FC /* Flutter */ = {
			isa = PBXGroup;
			children = (
				3B3967151E833CAA004F5970 /* AppFrameworkInfo.plist */,
				9740EEB21CF90195004384FC /* Debug.xcconfig */,
				7AFA3C8E1D35360C0083082E /* Release.xcconfig */,
				9740EEB31CF90195004384FC /* Generated.xcconfig */,
			);
			name = Flutter;
			sourceTree = "<group>";
		};
		97C146E51CF9000F007C117D = {
			isa = PBXGroup;
			children = (
				9740EEB11CF90186004384FC /* Flutter */,
				97C146F01CF9000F007C117D /* Runner */,
				F41955F22A361F68008F271E /* Share Extension */,
				F40D647C2ABA5CE10088D39C /* Broadcast Extension */,
				F40D64972ABDA97A0088D39C /* ImageNotification */,
				97C146EF1CF9000F007C117D /* Products */,
				91215A247515B451D89F9354 /* Pods */,
				597AEFAF510653A06208CA64 /* Frameworks */,
				16668AA3ADF6D2301677D187 /* GoogleService-Info.plist */,
			);
			sourceTree = "<group>";
		};
		97C146EF1CF9000F007C117D /* Products */ = {
			isa = PBXGroup;
			children = (
				97C146EE1CF9000F007C117D /* Runner.app */,
				F41955F12A361F68008F271E /* Share Extension.appex */,
				F40D647A2ABA5CE10088D39C /* Broadcast Extension.appex */,
				F40D64962ABDA97A0088D39C /* ImageNotification.appex */,
			);
			name = Products;
			sourceTree = "<group>";
		};
		97C146F01CF9000F007C117D /* Runner */ = {
			isa = PBXGroup;
			children = (
				F41956012A362526008F271E /* Runner.entitlements */,
				97C146FA1CF9000F007C117D /* Main.storyboard */,
				97C146FD1CF9000F007C117D /* Assets.xcassets */,
				97C146FF1CF9000F007C117D /* LaunchScreen.storyboard */,
				97C147021CF9000F007C117D /* Info.plist */,
				1498D2321E8E86230040F4C2 /* GeneratedPluginRegistrant.h */,
				1498D2331E8E89220040F4C2 /* GeneratedPluginRegistrant.m */,
				74858FAE1ED2DC5600515810 /* AppDelegate.swift */,
				74858FAD1ED2DC5600515810 /* Runner-Bridging-Header.h */,
			);
			path = Runner;
			sourceTree = "<group>";
		};
		F40D647C2ABA5CE10088D39C /* Broadcast Extension */ = {
			isa = PBXGroup;
			children = (
				F40D648E2ABA5E3C0088D39C /* SampleHandler.swift */,
				F40D64702ABA3BB70088D39C /* BroadcastExtension.entitlements */,
				F40D64712ABA3BB70088D39C /* DarwinNotificationCenter.swift */,
				F40D64722ABA3BB70088D39C /* SampleUploader.swift */,
				F40D646F2ABA3BB70088D39C /* SocketConnection.swift */,
				F40D646D2ABA3B9F0088D39C /* Atomic.swift */,
			);
			path = "Broadcast Extension";
			sourceTree = "<group>";
		};
		F40D64972ABDA97A0088D39C /* ImageNotification */ = {
			isa = PBXGroup;
			children = (
				F40D64982ABDA97A0088D39C /* NotificationService.h */,
				F40D64992ABDA97A0088D39C /* NotificationService.m */,
				F40D649B2ABDA97A0088D39C /* Info.plist */,
			);
			path = ImageNotification;
			sourceTree = "<group>";
		};
		F41955F22A361F68008F271E /* Share Extension */ = {
			isa = PBXGroup;
			children = (
				F41956022A36260C008F271E /* Share Extension.entitlements */,
				F41955F32A361F68008F271E /* ShareViewController.swift */,
				F41955F52A361F68008F271E /* MainInterface.storyboard */,
				F41955F82A361F68008F271E /* Info.plist */,
				F455125D2A3749E300DBE275 /* SharingFile.swift */,
				F455125F2A374A0F00DBE275 /* SharingFileType.swift */,
			);
			path = "Share Extension";
			sourceTree = "<group>";
		};
/* End PBXGroup section */

/* Begin PBXNativeTarget section */
		97C146ED1CF9000F007C117D /* Runner */ = {
			isa = PBXNativeTarget;
			buildConfigurationList = 97C147051CF9000F007C117D /* Build configuration list for PBXNativeTarget "Runner" */;
			buildPhases = (
				C72D3E9F9F3EC920AEB53A87 /* [CP] Check Pods Manifest.lock */,
				9705A1C41CF9048500538489 /* Embed Frameworks */,
				F41955FC2A361F68008F271E /* Embed Foundation Extensions */,
				9740EEB61CF901F6004384FC /* Run Script */,
				97C146EA1CF9000F007C117D /* Sources */,
				97C146EB1CF9000F007C117D /* Frameworks */,
				97C146EC1CF9000F007C117D /* Resources */,
				3B06AD1E1E4923F5004D2608 /* Thin Binary */,
				A9FD87EAFD25D3EB2C319571 /* [CP] Embed Pods Frameworks */,
				09C58E56BED604F0F7630A52 /* [CP] Copy Pods Resources */,
			);
			buildRules = (
			);
			dependencies = (
				F41955FA2A361F68008F271E /* PBXTargetDependency */,
				F40D64812ABA5CE10088D39C /* PBXTargetDependency */,
				F40D649D2ABDA97A0088D39C /* PBXTargetDependency */,
			);
			name = Runner;
			productName = Runner;
			productReference = 97C146EE1CF9000F007C117D /* Runner.app */;
			productType = "com.apple.product-type.application";
		};
		F40D64792ABA5CE10088D39C /* Broadcast Extension */ = {
			isa = PBXNativeTarget;
			buildConfigurationList = F40D64832ABA5CE10088D39C /* Build configuration list for PBXNativeTarget "Broadcast Extension" */;
			buildPhases = (
				F40D64762ABA5CE10088D39C /* Sources */,
				F40D64772ABA5CE10088D39C /* Frameworks */,
				F40D64782ABA5CE10088D39C /* Resources */,
			);
			buildRules = (
			);
			dependencies = (
			);
			name = "Broadcast Extension";
			productName = "Broadcast Extension";
			productReference = F40D647A2ABA5CE10088D39C /* Broadcast Extension.appex */;
			productType = "com.apple.product-type.app-extension";
		};
		F40D64952ABDA97A0088D39C /* ImageNotification */ = {
			isa = PBXNativeTarget;
			buildConfigurationList = F40D649F2ABDA97A0088D39C /* Build configuration list for PBXNativeTarget "ImageNotification" */;
			buildPhases = (
				518BCC7A2695283A18113AE3 /* [CP] Check Pods Manifest.lock */,
				F40D64922ABDA97A0088D39C /* Sources */,
				F40D64932ABDA97A0088D39C /* Frameworks */,
				F40D64942ABDA97A0088D39C /* Resources */,
			);
			buildRules = (
			);
			dependencies = (
			);
			name = ImageNotification;
			productName = ImageNotification;
			productReference = F40D64962ABDA97A0088D39C /* ImageNotification.appex */;
			productType = "com.apple.product-type.app-extension";
		};
		F41955F02A361F68008F271E /* Share Extension */ = {
			isa = PBXNativeTarget;
			buildConfigurationList = F41956002A361F68008F271E /* Build configuration list for PBXNativeTarget "Share Extension" */;
			buildPhases = (
				F41955ED2A361F68008F271E /* Sources */,
				F41955EE2A361F68008F271E /* Frameworks */,
				F41955EF2A361F68008F271E /* Resources */,
			);
			buildRules = (
			);
			dependencies = (
			);
			name = "Share Extension";
			productName = "Share Extension";
			productReference = F41955F12A361F68008F271E /* Share Extension.appex */;
			productType = "com.apple.product-type.app-extension";
		};
/* End PBXNativeTarget section */

/* Begin PBXProject section */
		97C146E61CF9000F007C117D /* Project object */ = {
			isa = PBXProject;
			attributes = {
				BuildIndependentTargetsInParallel = YES;
				LastSwiftUpdateCheck = 1430;
				LastUpgradeCheck = 1510;
				ORGANIZATIONNAME = "";
				TargetAttributes = {
					97C146ED1CF9000F007C117D = {
						CreatedOnToolsVersion = 7.3.1;
						LastSwiftMigration = 1100;
					};
					F40D64792ABA5CE10088D39C = {
						CreatedOnToolsVersion = 14.3.1;
					};
					F40D64952ABDA97A0088D39C = {
						CreatedOnToolsVersion = 14.3.1;
					};
					F41955F02A361F68008F271E = {
						CreatedOnToolsVersion = 14.3.1;
					};
				};
			};
			buildConfigurationList = 97C146E91CF9000F007C117D /* Build configuration list for PBXProject "Runner" */;
			compatibilityVersion = "Xcode 15.3";
			developmentRegion = en;
			hasScannedForEncodings = 0;
			knownRegions = (
				en,
				Base,
			);
			mainGroup = 97C146E51CF9000F007C117D;
			productRefGroup = 97C146EF1CF9000F007C117D /* Products */;
			projectDirPath = "";
			projectRoot = "";
			targets = (
				97C146ED1CF9000F007C117D /* Runner */,
				F41955F02A361F68008F271E /* Share Extension */,
				F40D64792ABA5CE10088D39C /* Broadcast Extension */,
				F40D64952ABDA97A0088D39C /* ImageNotification */,
			);
		};
/* End PBXProject section */

/* Begin PBXResourcesBuildPhase section */
		97C146EC1CF9000F007C117D /* Resources */ = {
			isa = PBXResourcesBuildPhase;
			buildActionMask = 2147483647;
			files = (
				97C147011CF9000F007C117D /* LaunchScreen.storyboard in Resources */,
				3B3967161E833CAA004F5970 /* AppFrameworkInfo.plist in Resources */,
				97C146FE1CF9000F007C117D /* Assets.xcassets in Resources */,
				97C146FC1CF9000F007C117D /* Main.storyboard in Resources */,
				D3A1AFCF0E547A3FD4486C27 /* GoogleService-Info.plist in Resources */,
			);
			runOnlyForDeploymentPostprocessing = 0;
		};
		F40D64782ABA5CE10088D39C /* Resources */ = {
			isa = PBXResourcesBuildPhase;
			buildActionMask = 2147483647;
			files = (
			);
			runOnlyForDeploymentPostprocessing = 0;
		};
		F40D64942ABDA97A0088D39C /* Resources */ = {
			isa = PBXResourcesBuildPhase;
			buildActionMask = 2147483647;
			files = (
			);
			runOnlyForDeploymentPostprocessing = 0;
		};
		F41955EF2A361F68008F271E /* Resources */ = {
			isa = PBXResourcesBuildPhase;
			buildActionMask = 2147483647;
			files = (
				F41955F72A361F68008F271E /* MainInterface.storyboard in Resources */,
			);
			runOnlyForDeploymentPostprocessing = 0;
		};
/* End PBXResourcesBuildPhase section */

/* Begin PBXShellScriptBuildPhase section */
		09C58E56BED604F0F7630A52 /* [CP] Copy Pods Resources */ = {
			isa = PBXShellScriptBuildPhase;
			buildActionMask = 2147483647;
			files = (
			);
			inputFileListPaths = (
				"${PODS_ROOT}/Target Support Files/Pods-Runner/Pods-Runner-resources-${CONFIGURATION}-input-files.xcfilelist",
			);
			inputPaths = (
			);
			name = "[CP] Copy Pods Resources";
			outputFileListPaths = (
				"${PODS_ROOT}/Target Support Files/Pods-Runner/Pods-Runner-resources-${CONFIGURATION}-output-files.xcfilelist",
			);
			outputPaths = (
			);
			runOnlyForDeploymentPostprocessing = 0;
			shellPath = /bin/sh;
			shellScript = "\"${PODS_ROOT}/Target Support Files/Pods-Runner/Pods-Runner-resources.sh\"\n";
			showEnvVarsInLog = 0;
		};
		3B06AD1E1E4923F5004D2608 /* Thin Binary */ = {
			isa = PBXShellScriptBuildPhase;
			alwaysOutOfDate = 1;
			buildActionMask = 2147483647;
			files = (
			);
			inputPaths = (
				"${TARGET_BUILD_DIR}/${INFOPLIST_PATH}",
			);
			name = "Thin Binary";
			outputPaths = (
			);
			runOnlyForDeploymentPostprocessing = 0;
			shellPath = /bin/sh;
			shellScript = "/bin/sh \"$FLUTTER_ROOT/packages/flutter_tools/bin/xcode_backend.sh\" embed_and_thin";
		};
		518BCC7A2695283A18113AE3 /* [CP] Check Pods Manifest.lock */ = {
			isa = PBXShellScriptBuildPhase;
			buildActionMask = 2147483647;
			files = (
			);
			inputFileListPaths = (
			);
			inputPaths = (
				"${PODS_PODFILE_DIR_PATH}/Podfile.lock",
				"${PODS_ROOT}/Manifest.lock",
			);
			name = "[CP] Check Pods Manifest.lock";
			outputFileListPaths = (
			);
			outputPaths = (
				"$(DERIVED_FILE_DIR)/Pods-ImageNotification-checkManifestLockResult.txt",
			);
			runOnlyForDeploymentPostprocessing = 0;
			shellPath = /bin/sh;
			shellScript = "diff \"${PODS_PODFILE_DIR_PATH}/Podfile.lock\" \"${PODS_ROOT}/Manifest.lock\" > /dev/null\nif [ $? != 0 ] ; then\n    # print error to STDERR\n    echo \"error: The sandbox is not in sync with the Podfile.lock. Run 'pod install' or update your CocoaPods installation.\" >&2\n    exit 1\nfi\n# This output is used by Xcode 'outputs' to avoid re-running this script phase.\necho \"SUCCESS\" > \"${SCRIPT_OUTPUT_FILE_0}\"\n";
			showEnvVarsInLog = 0;
		};
		9740EEB61CF901F6004384FC /* Run Script */ = {
			isa = PBXShellScriptBuildPhase;
			alwaysOutOfDate = 1;
			buildActionMask = 2147483647;
			files = (
			);
			inputPaths = (
			);
			name = "Run Script";
			outputPaths = (
			);
			runOnlyForDeploymentPostprocessing = 0;
			shellPath = /bin/sh;
			shellScript = "/bin/sh \"$FLUTTER_ROOT/packages/flutter_tools/bin/xcode_backend.sh\" build\n";
		};
		A9FD87EAFD25D3EB2C319571 /* [CP] Embed Pods Frameworks */ = {
			isa = PBXShellScriptBuildPhase;
			buildActionMask = 2147483647;
			files = (
			);
			inputFileListPaths = (
				"${PODS_ROOT}/Target Support Files/Pods-Runner/Pods-Runner-frameworks-${CONFIGURATION}-input-files.xcfilelist",
			);
			inputPaths = (
			);
			name = "[CP] Embed Pods Frameworks";
			outputFileListPaths = (
				"${PODS_ROOT}/Target Support Files/Pods-Runner/Pods-Runner-frameworks-${CONFIGURATION}-output-files.xcfilelist",
			);
			outputPaths = (
			);
			runOnlyForDeploymentPostprocessing = 0;
			shellPath = /bin/sh;
			shellScript = "\"${PODS_ROOT}/Target Support Files/Pods-Runner/Pods-Runner-frameworks.sh\"\n";
			showEnvVarsInLog = 0;
		};
		C72D3E9F9F3EC920AEB53A87 /* [CP] Check Pods Manifest.lock */ = {
			isa = PBXShellScriptBuildPhase;
			buildActionMask = 2147483647;
			files = (
			);
			inputFileListPaths = (
			);
			inputPaths = (
				"${PODS_PODFILE_DIR_PATH}/Podfile.lock",
				"${PODS_ROOT}/Manifest.lock",
			);
			name = "[CP] Check Pods Manifest.lock";
			outputFileListPaths = (
			);
			outputPaths = (
				"$(DERIVED_FILE_DIR)/Pods-Runner-checkManifestLockResult.txt",
			);
			runOnlyForDeploymentPostprocessing = 0;
			shellPath = /bin/sh;
			shellScript = "diff \"${PODS_PODFILE_DIR_PATH}/Podfile.lock\" \"${PODS_ROOT}/Manifest.lock\" > /dev/null\nif [ $? != 0 ] ; then\n    # print error to STDERR\n    echo \"error: The sandbox is not in sync with the Podfile.lock. Run 'pod install' or update your CocoaPods installation.\" >&2\n    exit 1\nfi\n# This output is used by Xcode 'outputs' to avoid re-running this script phase.\necho \"SUCCESS\" > \"${SCRIPT_OUTPUT_FILE_0}\"\n";
			showEnvVarsInLog = 0;
		};
/* End PBXShellScriptBuildPhase section */

/* Begin PBXSourcesBuildPhase section */
		97C146EA1CF9000F007C117D /* Sources */ = {
			isa = PBXSourcesBuildPhase;
			buildActionMask = 2147483647;
			files = (
				74858FAF1ED2DC5600515810 /* AppDelegate.swift in Sources */,
				1498D2341E8E89220040F4C2 /* GeneratedPluginRegistrant.m in Sources */,
			);
			runOnlyForDeploymentPostprocessing = 0;
		};
		F40D64762ABA5CE10088D39C /* Sources */ = {
			isa = PBXSourcesBuildPhase;
			buildActionMask = 2147483647;
			files = (
				F40D648A2ABA5D400088D39C /* DarwinNotificationCenter.swift in Sources */,
				F40D64872ABA5D400088D39C /* SocketConnection.swift in Sources */,
				F40D648F2ABA5E3C0088D39C /* SampleHandler.swift in Sources */,
				F40D64882ABA5D400088D39C /* Atomic.swift in Sources */,
				F40D648B2ABA5D400088D39C /* SampleUploader.swift in Sources */,
			);
			runOnlyForDeploymentPostprocessing = 0;
		};
		F40D64922ABDA97A0088D39C /* Sources */ = {
			isa = PBXSourcesBuildPhase;
			buildActionMask = 2147483647;
			files = (
				F40D649A2ABDA97A0088D39C /* NotificationService.m in Sources */,
			);
			runOnlyForDeploymentPostprocessing = 0;
		};
		F41955ED2A361F68008F271E /* Sources */ = {
			isa = PBXSourcesBuildPhase;
			buildActionMask = 2147483647;
			files = (
				F455125E2A3749E300DBE275 /* SharingFile.swift in Sources */,
				F45512602A374A0F00DBE275 /* SharingFileType.swift in Sources */,
				F41955F42A361F68008F271E /* ShareViewController.swift in Sources */,
			);
			runOnlyForDeploymentPostprocessing = 0;
		};
/* End PBXSourcesBuildPhase section */

/* Begin PBXTargetDependency section */
		F40D64812ABA5CE10088D39C /* PBXTargetDependency */ = {
			isa = PBXTargetDependency;
			target = F40D64792ABA5CE10088D39C /* Broadcast Extension */;
			targetProxy = F40D64802ABA5CE10088D39C /* PBXContainerItemProxy */;
		};
		F40D649D2ABDA97A0088D39C /* PBXTargetDependency */ = {
			isa = PBXTargetDependency;
			target = F40D64952ABDA97A0088D39C /* ImageNotification */;
			targetProxy = F40D649C2ABDA97A0088D39C /* PBXContainerItemProxy */;
		};
		F41955FA2A361F68008F271E /* PBXTargetDependency */ = {
			isa = PBXTargetDependency;
			target = F41955F02A361F68008F271E /* Share Extension */;
			targetProxy = F41955F92A361F68008F271E /* PBXContainerItemProxy */;
		};
/* End PBXTargetDependency section */

/* Begin PBXVariantGroup section */
		97C146FA1CF9000F007C117D /* Main.storyboard */ = {
			isa = PBXVariantGroup;
			children = (
				97C146FB1CF9000F007C117D /* Base */,
			);
			name = Main.storyboard;
			sourceTree = "<group>";
		};
		97C146FF1CF9000F007C117D /* LaunchScreen.storyboard */ = {
			isa = PBXVariantGroup;
			children = (
				97C147001CF9000F007C117D /* Base */,
			);
			name = LaunchScreen.storyboard;
			sourceTree = "<group>";
		};
		F41955F52A361F68008F271E /* MainInterface.storyboard */ = {
			isa = PBXVariantGroup;
			children = (
				F41955F62A361F68008F271E /* Base */,
			);
			name = MainInterface.storyboard;
			sourceTree = "<group>";
		};
/* End PBXVariantGroup section */

/* Begin XCBuildConfiguration section */
		249021D3217E4FDB00AE95B9 /* Profile */ = {
			isa = XCBuildConfiguration;
			buildSettings = {
				ALWAYS_SEARCH_USER_PATHS = NO;
				BUILD_LIBRARY_FOR_DISTRIBUTION = YES;
				CLANG_ANALYZER_NONNULL = YES;
				CLANG_CXX_LANGUAGE_STANDARD = "gnu++0x";
				CLANG_CXX_LIBRARY = "libc++";
				CLANG_ENABLE_MODULES = YES;
				CLANG_ENABLE_OBJC_ARC = YES;
				CLANG_WARN_BLOCK_CAPTURE_AUTORELEASING = YES;
				CLANG_WARN_BOOL_CONVERSION = YES;
				CLANG_WARN_COMMA = YES;
				CLANG_WARN_CONSTANT_CONVERSION = YES;
				CLANG_WARN_DEPRECATED_OBJC_IMPLEMENTATIONS = YES;
				CLANG_WARN_DIRECT_OBJC_ISA_USAGE = YES_ERROR;
				CLANG_WARN_EMPTY_BODY = YES;
				CLANG_WARN_ENUM_CONVERSION = YES;
				CLANG_WARN_INFINITE_RECURSION = YES;
				CLANG_WARN_INT_CONVERSION = YES;
				CLANG_WARN_NON_LITERAL_NULL_CONVERSION = YES;
				CLANG_WARN_OBJC_IMPLICIT_RETAIN_SELF = YES;
				CLANG_WARN_OBJC_LITERAL_CONVERSION = YES;
				CLANG_WARN_OBJC_ROOT_CLASS = YES_ERROR;
				CLANG_WARN_QUOTED_INCLUDE_IN_FRAMEWORK_HEADER = YES;
				CLANG_WARN_RANGE_LOOP_ANALYSIS = YES;
				CLANG_WARN_STRICT_PROTOTYPES = YES;
				CLANG_WARN_SUSPICIOUS_MOVE = YES;
				CLANG_WARN_UNREACHABLE_CODE = YES;
				CLANG_WARN__DUPLICATE_METHOD_MATCH = YES;
				"CODE_SIGN_IDENTITY[sdk=iphoneos*]" = "iPhone Developer";
				COPY_PHASE_STRIP = NO;
				DEBUG_INFORMATION_FORMAT = "dwarf-with-dsym";
				DEVELOPMENT_TEAM = 6T8MC3433B;
				ENABLE_NS_ASSERTIONS = NO;
				ENABLE_STRICT_OBJC_MSGSEND = YES;
				ENABLE_USER_SCRIPT_SANDBOXING = NO;
				GCC_C_LANGUAGE_STANDARD = gnu99;
				GCC_NO_COMMON_BLOCKS = YES;
				GCC_WARN_64_TO_32_BIT_CONVERSION = YES;
				GCC_WARN_ABOUT_RETURN_TYPE = YES_ERROR;
				GCC_WARN_UNDECLARED_SELECTOR = YES;
				GCC_WARN_UNINITIALIZED_AUTOS = YES_AGGRESSIVE;
				GCC_WARN_UNUSED_FUNCTION = YES;
				GCC_WARN_UNUSED_VARIABLE = YES;
				IPHONEOS_DEPLOYMENT_TARGET = 15.0;
				MTL_ENABLE_DEBUG_INFO = NO;
				SDKROOT = iphoneos;
				SUPPORTED_PLATFORMS = iphoneos;
				TARGETED_DEVICE_FAMILY = "1,2";
				VALIDATE_PRODUCT = YES;
			};
			name = Profile;
		};
		249021D4217E4FDB00AE95B9 /* Profile */ = {
			isa = XCBuildConfiguration;
			baseConfigurationReference = 7AFA3C8E1D35360C0083082E /* Release.xcconfig */;
			buildSettings = {
				APPLICATION_EXTENSION_API_ONLY = NO;
				ASSETCATALOG_COMPILER_APPICON_NAME = AppIcon;
				ASSETCATALOG_COMPILER_INCLUDE_ALL_APPICON_ASSETS = YES;
				BUILD_LIBRARY_FOR_DISTRIBUTION = NO;
				CLANG_ALLOW_NON_MODULAR_INCLUDES_IN_FRAMEWORK_MODULES = YES;
				CLANG_ENABLE_MODULES = YES;
				CODE_SIGN_ENTITLEMENTS = Runner/Runner.entitlements;
				CODE_SIGN_IDENTITY = "Apple Development";
				CODE_SIGN_STYLE = Automatic;
				CURRENT_PROJECT_VERSION = 1;
				ENABLE_BITCODE = NO;
				INFOPLIST_FILE = Runner/Info.plist;
				INFOPLIST_KEY_CFBundleDisplayName = CollaChat;
				INFOPLIST_KEY_LSApplicationCategoryType = "public.app-category.social-networking";
				IPHONEOS_DEPLOYMENT_TARGET = 15.6;
				LD_RUNPATH_SEARCH_PATHS = (
					"$(inherited)",
					"@executable_path/Frameworks",
				);
				MARKETING_VERSION = 1.7.0;
				OTHER_LDFLAGS = (
					"$(inherited)",
					"-ObjC",
					"-l\"bz2\"",
					"-l\"c++\"",
					"-l\"iconv\"",
					"-l\"icucore\"",
					"-l\"sqlite3\"",
					"-l\"sqlite3.0\"",
					"-l\"stdc++\"",
					"-l\"swiftCoreGraphics\"",
					"-l\"xml2\"",
					"-l\"z\"",
					"-framework",
					"\"AVFoundation\"",
					"-framework",
					"\"AVKit\"",
					"-framework",
					"\"Accelerate\"",
					"-framework",
					"\"AgoraAiEchoCancellationExtension\"",
					"-framework",
					"\"AgoraAiNoiseSuppressionExtension\"",
					"-framework",
					"\"AgoraAudioBeautyExtension\"",
					"-framework",
					"\"AgoraClearVisionExtension\"",
					"-framework",
					"\"AgoraContentInspectExtension\"",
					"-framework",
					"\"AgoraCore\"",
					"-framework",
					"\"AgoraDrmLoaderExtension\"",
					"-framework",
					"\"AgoraFaceDetectionExtension\"",
					"-framework",
					"\"AgoraReplayKitExtension\"",
					"-framework",
					"\"AgoraRtcKit\"",
					"-framework",
					"\"AgoraRtcWrapper\"",
					"-framework",
					"\"AgoraSoundTouch\"",
					"-framework",
					"\"AgoraSpatialAudioExtension\"",
					"-framework",
					"\"AgoraVideoDecoderExtension\"",
					"-framework",
					"\"AgoraVideoEncoderExtension\"",
					"-framework",
					"\"AgoraVideoQualityAnalyzerExtension\"",
					"-framework",
					"\"AgoraVideoSegmentationExtension\"",
					"-framework",
					"\"Agorafdkaac\"",
					"-framework",
					"\"Agoraffmpeg\"",
					"-framework",
					"\"Ass\"",
					"-framework",
					"\"AudioToolbox\"",
					"-framework",
					"\"Avcodec\"",
					"-framework",
					"\"Avfilter\"",
					"-framework",
					"\"Avformat\"",
					"-framework",
					"\"Avutil\"",
					"-framework",
					"\"CFNetwork\"",
					"-framework",
					"\"Cache\"",
					"-framework",
					"\"Contacts\"",
					"-framework",
					"\"CoreData\"",
					"-framework",
					"\"CoreGraphics\"",
					"-framework",
					"\"CoreImage\"",
					"-framework",
					"\"CoreLocation\"",
					"-framework",
					"\"CoreMedia\"",
					"-framework",
					"\"CoreTelephony\"",
					"-framework",
					"\"CoreText\"",
					"-framework",
					"\"DKImagePickerController\"",
					"-framework",
					"\"DKPhotoGallery\"",
					"-framework",
					"\"Dav1d\"",
					"-framework",
					"\"FBLPromises\"",
					"-framework",
					"\"FirebaseCore\"",
					"-framework",
					"\"FirebaseCoreInternal\"",
					"-framework",
					"\"FirebaseInstallations\"",
					"-framework",
					"\"FirebaseMessaging\"",
					"-framework",
					"\"Foundation\"",
					"-framework",
					"\"Freetype\"",
					"-framework",
					"\"Fribidi\"",
					"-framework",
					"\"GCDWebServer\"",
					"-framework",
					"\"GLKit\"",
					"-framework",
					"\"GoogleDataTransport\"",
					"-framework",
					"\"GoogleMaps\"",
					"-framework",
					"\"GoogleMapsUtils\"",
					"-framework",
					"\"GoogleUtilities\"",
					"-framework",
					"\"HLSCachingReverseProxyServer\"",
					"-framework",
					"\"Harfbuzz\"",
					"-framework",
					"\"ImageIO\"",
					"-framework",
					"\"Intercom\"",
					"-framework",
					"\"IosAwnCore\"",
					"-framework",
					"\"Mantle\"",
					"-framework",
					"\"Mbedcrypto\"",
					"-framework",
					"\"Mbedtls\"",
					"-framework",
					"\"Mbedx509\"",
					"-framework",
					"\"MediaPlayer\"",
					"-framework",
					"\"Metal\"",
					"-framework",
					"\"MobileCoreServices\"",
					"-framework",
					"\"MobileVLCKit\"",
					"-framework",
					"\"Mpv\"",
					"-framework",
					"\"OpenGLES\"",
					"-framework",
					"\"OpenPGPBridge\"",
					"-framework",
					"\"OrderedSet\"",
					"-framework",
					"\"PINCache\"",
					"-framework",
					"\"PINOperation\"",
					"-framework",
					"\"PhoneNumberKit\"",
					"-framework",
					"\"Photos\"",
					"-framework",
					"\"PhotosUI\"",
					"-framework",
					"\"Png16\"",
					"-framework",
					"\"QMapFoundationKit\"",
					"-framework",
					"\"QMapKit\"",
					"-framework",
					"\"QuartzCore\"",
					"-framework",
					"\"SDWebImage\"",
					"-framework",
					"\"SDWebImageWebPCoder\"",
					"-framework",
					"\"ScreenProtectorKit\"",
					"-framework",
					"\"Security\"",
					"-framework",
					"\"SwiftyGif\"",
					"-framework",
					"\"Swresample\"",
					"-framework",
					"\"Swscale\"",
					"-framework",
					"\"SystemConfiguration\"",
					"-framework",
					"\"TOCropViewController\"",
					"-framework",
					"\"Try\"",
					"-framework",
					"\"UIKit\"",
					"-framework",
					"\"Uchardet\"",
					"-framework",
					"\"VideoToolbox\"",
					"-framework",
					"\"WebKit\"",
					"-framework",
					"\"WebRTC\"",
					"-framework",
					"\"Xml2\"",
					"-framework",
					"\"alarm\"",
					"-framework",
					"\"apple_maps_flutter\"",
					"-framework",
					"\"audio_service\"",
					"-framework",
					"\"audio_session\"",
					"-framework",
					"\"audio_waveforms\"",
					"-framework",
					"\"audioplayers_darwin\"",
					"-framework",
					"\"awesome_notifications\"",
					"-framework",
					"\"battery_plus\"",
					"-framework",
					"\"better_player_plus\"",
					"-framework",
					"\"bonsoir_darwin\"",
					"-framework",
					"\"camera_avfoundation\"",
					"-framework",
					"\"connectivity_plus\"",
					"-framework",
					"\"cryptography_flutter\"",
					"-framework",
					"\"device_info_plus\"",
					"-framework",
					"\"emoji_picker_flutter\"",
					"-framework",
					"\"fc_native_video_thumbnail\"",
					"-framework",
					"\"ffmpeg_kit_flutter_full_gpl\"",
					"-framework",
					"\"ffmpegkit\"",
					"-framework",
					"\"file_picker\"",
					"-framework",
					"\"file_saver\"",
					"-framework",
					"\"file_selector_ios\"",
					"-framework",
					"\"firebase_core\"",
					"-framework",
					"\"firebase_messaging\"",
					"-framework",
					"\"fl_pip\"",
					"-framework",
					"\"flutter_background_executor\"",
					"-framework",
					"\"flutter_background_service_ios\"",
					"-framework",
					"\"flutter_contacts\"",
					"-framework",
					"\"flutter_fgbg\"",
					"-framework",
					"\"flutter_float_window\"",
					"-framework",
					"\"flutter_foreground_task\"",
					"-framework",
					"\"flutter_icmp_ping\"",
					"-framework",
					"\"flutter_image_compress_common\"",
					"-framework",
					"\"flutter_inappwebview_ios\"",
					"-framework",
					"\"flutter_isolate\"",
					"-framework",
					"\"flutter_keyboard_visibility\"",
					"-framework",
					"\"flutter_keyboard_visibility_temp_fork\"",
					"-framework",
					"\"flutter_local_notifications\"",
					"-framework",
					"\"flutter_native_splash\"",
					"-framework",
					"\"flutter_nfc_kit\"",
					"-framework",
					"\"flutter_rotation_sensor\"",
					"-framework",
					"\"flutter_secure_storage\"",
					"-framework",
					"\"flutter_sharing_intent\"",
					"-framework",
					"\"flutter_sound\"",
					"-framework",
					"\"flutter_sound_core\"",
					"-framework",
					"\"flutter_tts\"",
					"-framework",
					"\"flutter_vlc_player\"",
					"-framework",
					"\"flutter_web_auth_2\"",
					"-framework",
					"\"flutter_webrtc\"",
					"-framework",
					"\"fluttercontactpicker\"",
					"-framework",
					"\"fluttertoast\"",
					"-framework",
					"\"gal\"",
					"-framework",
					"\"geocoding_ios\"",
					"-framework",
					"\"geolocator_apple\"",
					"-framework",
					"\"google_maps_flutter_ios\"",
					"-framework",
					"\"image_cropper\"",
					"-framework",
					"\"image_editor_common\"",
					"-framework",
					"\"image_picker_ios\"",
					"-framework",
					"\"intercom_flutter\"",
					"-framework",
					"\"irondash_engine_context\"",
					"-framework",
					"\"just_audio\"",
					"-framework",
					"\"just_waveform\"",
					"-framework",
					"\"keyboard_height_plugin\"",
					"-framework",
					"\"libavcodec\"",
					"-framework",
					"\"libavdevice\"",
					"-framework",
					"\"libavfilter\"",
					"-framework",
					"\"libavformat\"",
					"-framework",
					"\"libavutil\"",
					"-framework",
					"\"libswresample\"",
					"-framework",
					"\"libswscale\"",
					"-framework",
					"\"libwebp\"",
					"-framework",
					"\"light_compressor\"",
					"-framework",
					"\"livekit_client\"",
					"-framework",
					"\"local_auth_darwin\"",
					"-framework",
					"\"location\"",
					"-framework",
					"\"map_launcher\"",
					"-framework",
					"\"media_kit_libs_ios_video\"",
					"-framework",
					"\"media_kit_video\"",
					"-framework",
					"\"mobile_scanner\"",
					"-framework",
					"\"nanopb\"",
					"-framework",
					"\"native_device_orientation\"",
					"-framework",
					"\"network_info_plus\"",
					"-framework",
					"\"nfc_manager\"",
					"-framework",
					"\"no_screenshot\"",
					"-framework",
					"\"nsd_ios\"",
					"-framework",
					"\"open_filex\"",
					"-framework",
					"\"openpgp\"",
					"-framework",
					"\"openvpn_flutter\"",
					"-framework",
					"\"orientation\"",
					"-framework",
					"\"package_info_plus\"",
					"-framework",
					"\"path_provider_foundation\"",
					"-framework",
					"\"pdfx\"",
					"-framework",
					"\"permission_handler_apple\"",
					"-framework",
					"\"phone_number\"",
					"-framework",
					"\"photo_manager\"",
					"-framework",
					"\"pointer_interceptor_ios\"",
					"-framework",
					"\"quill_native_bridge_ios\"",
					"-framework",
					"\"record_ios\"",
					"-framework",
					"\"saver_gallery\"",
					"-framework",
					"\"screen_brightness_ios\"",
					"-framework",
					"\"screenshot_callback\"",
					"-framework",
					"\"secure_application\"",
					"-framework",
					"\"sensors_plus\"",
					"-framework",
					"\"share_plus\"",
					"-framework",
					"\"shared_preferences_foundation\"",
					"-framework",
					"\"speech_to_text\"",
					"-framework",
					"\"sqflite_darwin\"",
					"-framework",
					"\"sqlite3\"",
					"-framework",
					"\"sqlite3_flutter_libs\"",
					"-framework",
					"\"super_native_extensions\"",
					"-framework",
					"\"system_alert_window\"",
					"-framework",
					"\"telephony\"",
					"-framework",
					"\"tencent_map_flutter\"",
					"-framework",
					"\"universal_video_controls\"",
					"-framework",
					"\"url_launcher_ios\"",
					"-framework",
					"\"validation_pro\"",
					"-framework",
					"\"video_compress\"",
					"-framework",
					"\"video_dec\"",
					"-framework",
					"\"video_enc\"",
					"-framework",
					"\"video_player_avfoundation\"",
					"-framework",
					"\"video_thumbnail\"",
					"-framework",
					"\"volume_controller\"",
					"-framework",
					"\"wakelock_plus\"",
					"-framework",
					"\"webview_flutter_wkwebview\"",
					"-weak_framework",
					"\"CoreNFC\"",
					"-weak_framework",
					"\"LinkPresentation\"",
					"-weak_framework",
					"\"UIKit\"",
					"-weak_framework",
					"\"UserNotifications\"",
				);
				PRODUCT_BUNDLE_IDENTIFIER = io.curltech.colla;
				PRODUCT_NAME = "$(TARGET_NAME)";
				PROVISIONING_PROFILE_SPECIFIER = "";
				SUPPORTED_PLATFORMS = "iphoneos iphonesimulator";
				SUPPORTS_MACCATALYST = NO;
				SUPPORTS_MAC_DESIGNED_FOR_IPHONE_IPAD = YES;
				SWIFT_OBJC_BRIDGING_HEADER = "Runner/Runner-Bridging-Header.h";
				SWIFT_VERSION = 5.0;
				TARGETED_DEVICE_FAMILY = "1,2";
				VERSIONING_SYSTEM = "apple-generic";
			};
			name = Profile;
		};
		97C147031CF9000F007C117D /* Debug */ = {
			isa = XCBuildConfiguration;
			buildSettings = {
				ALWAYS_SEARCH_USER_PATHS = NO;
				BUILD_LIBRARY_FOR_DISTRIBUTION = YES;
				CLANG_ANALYZER_NONNULL = YES;
				CLANG_CXX_LANGUAGE_STANDARD = "gnu++0x";
				CLANG_CXX_LIBRARY = "libc++";
				CLANG_ENABLE_MODULES = YES;
				CLANG_ENABLE_OBJC_ARC = YES;
				CLANG_WARN_BLOCK_CAPTURE_AUTORELEASING = YES;
				CLANG_WARN_BOOL_CONVERSION = YES;
				CLANG_WARN_COMMA = YES;
				CLANG_WARN_CONSTANT_CONVERSION = YES;
				CLANG_WARN_DEPRECATED_OBJC_IMPLEMENTATIONS = YES;
				CLANG_WARN_DIRECT_OBJC_ISA_USAGE = YES_ERROR;
				CLANG_WARN_EMPTY_BODY = YES;
				CLANG_WARN_ENUM_CONVERSION = YES;
				CLANG_WARN_INFINITE_RECURSION = YES;
				CLANG_WARN_INT_CONVERSION = YES;
				CLANG_WARN_NON_LITERAL_NULL_CONVERSION = YES;
				CLANG_WARN_OBJC_IMPLICIT_RETAIN_SELF = YES;
				CLANG_WARN_OBJC_LITERAL_CONVERSION = YES;
				CLANG_WARN_OBJC_ROOT_CLASS = YES_ERROR;
				CLANG_WARN_QUOTED_INCLUDE_IN_FRAMEWORK_HEADER = YES;
				CLANG_WARN_RANGE_LOOP_ANALYSIS = YES;
				CLANG_WARN_STRICT_PROTOTYPES = YES;
				CLANG_WARN_SUSPICIOUS_MOVE = YES;
				CLANG_WARN_UNREACHABLE_CODE = YES;
				CLANG_WARN__DUPLICATE_METHOD_MATCH = YES;
				"CODE_SIGN_IDENTITY[sdk=iphoneos*]" = "iPhone Developer";
				COPY_PHASE_STRIP = NO;
				DEBUG_INFORMATION_FORMAT = dwarf;
				DEVELOPMENT_TEAM = 6T8MC3433B;
				ENABLE_STRICT_OBJC_MSGSEND = YES;
				ENABLE_TESTABILITY = YES;
				ENABLE_USER_SCRIPT_SANDBOXING = NO;
				GCC_C_LANGUAGE_STANDARD = gnu99;
				GCC_DYNAMIC_NO_PIC = NO;
				GCC_NO_COMMON_BLOCKS = YES;
				GCC_OPTIMIZATION_LEVEL = 0;
				GCC_PREPROCESSOR_DEFINITIONS = (
					"DEBUG=1",
					"$(inherited)",
				);
				GCC_WARN_64_TO_32_BIT_CONVERSION = YES;
				GCC_WARN_ABOUT_RETURN_TYPE = YES_ERROR;
				GCC_WARN_UNDECLARED_SELECTOR = YES;
				GCC_WARN_UNINITIALIZED_AUTOS = YES_AGGRESSIVE;
				GCC_WARN_UNUSED_FUNCTION = YES;
				GCC_WARN_UNUSED_VARIABLE = YES;
				IPHONEOS_DEPLOYMENT_TARGET = 15.0;
				MTL_ENABLE_DEBUG_INFO = YES;
				ONLY_ACTIVE_ARCH = YES;
				SDKROOT = iphoneos;
				TARGETED_DEVICE_FAMILY = "1,2";
			};
			name = Debug;
		};
		97C147041CF9000F007C117D /* Release */ = {
			isa = XCBuildConfiguration;
			buildSettings = {
				ALWAYS_SEARCH_USER_PATHS = NO;
				BUILD_LIBRARY_FOR_DISTRIBUTION = YES;
				CLANG_ANALYZER_NONNULL = YES;
				CLANG_CXX_LANGUAGE_STANDARD = "gnu++0x";
				CLANG_CXX_LIBRARY = "libc++";
				CLANG_ENABLE_MODULES = YES;
				CLANG_ENABLE_OBJC_ARC = YES;
				CLANG_WARN_BLOCK_CAPTURE_AUTORELEASING = YES;
				CLANG_WARN_BOOL_CONVERSION = YES;
				CLANG_WARN_COMMA = YES;
				CLANG_WARN_CONSTANT_CONVERSION = YES;
				CLANG_WARN_DEPRECATED_OBJC_IMPLEMENTATIONS = YES;
				CLANG_WARN_DIRECT_OBJC_ISA_USAGE = YES_ERROR;
				CLANG_WARN_EMPTY_BODY = YES;
				CLANG_WARN_ENUM_CONVERSION = YES;
				CLANG_WARN_INFINITE_RECURSION = YES;
				CLANG_WARN_INT_CONVERSION = YES;
				CLANG_WARN_NON_LITERAL_NULL_CONVERSION = YES;
				CLANG_WARN_OBJC_IMPLICIT_RETAIN_SELF = YES;
				CLANG_WARN_OBJC_LITERAL_CONVERSION = YES;
				CLANG_WARN_OBJC_ROOT_CLASS = YES_ERROR;
				CLANG_WARN_QUOTED_INCLUDE_IN_FRAMEWORK_HEADER = YES;
				CLANG_WARN_RANGE_LOOP_ANALYSIS = YES;
				CLANG_WARN_STRICT_PROTOTYPES = YES;
				CLANG_WARN_SUSPICIOUS_MOVE = YES;
				CLANG_WARN_UNREACHABLE_CODE = YES;
				CLANG_WARN__DUPLICATE_METHOD_MATCH = YES;
				"CODE_SIGN_IDENTITY[sdk=iphoneos*]" = "iPhone Developer";
				COPY_PHASE_STRIP = NO;
				DEBUG_INFORMATION_FORMAT = "dwarf-with-dsym";
				DEVELOPMENT_TEAM = 6T8MC3433B;
				ENABLE_NS_ASSERTIONS = NO;
				ENABLE_STRICT_OBJC_MSGSEND = YES;
				ENABLE_USER_SCRIPT_SANDBOXING = NO;
				GCC_C_LANGUAGE_STANDARD = gnu99;
				GCC_NO_COMMON_BLOCKS = YES;
				GCC_WARN_64_TO_32_BIT_CONVERSION = YES;
				GCC_WARN_ABOUT_RETURN_TYPE = YES_ERROR;
				GCC_WARN_UNDECLARED_SELECTOR = YES;
				GCC_WARN_UNINITIALIZED_AUTOS = YES_AGGRESSIVE;
				GCC_WARN_UNUSED_FUNCTION = YES;
				GCC_WARN_UNUSED_VARIABLE = YES;
				IPHONEOS_DEPLOYMENT_TARGET = 15.0;
				MTL_ENABLE_DEBUG_INFO = NO;
				SDKROOT = iphoneos;
				SUPPORTED_PLATFORMS = iphoneos;
				SWIFT_COMPILATION_MODE = wholemodule;
				SWIFT_OPTIMIZATION_LEVEL = "-O";
				TARGETED_DEVICE_FAMILY = "1,2";
				VALIDATE_PRODUCT = YES;
			};
			name = Release;
		};
		97C147061CF9000F007C117D /* Debug */ = {
			isa = XCBuildConfiguration;
			baseConfigurationReference = 9740EEB21CF90195004384FC /* Debug.xcconfig */;
			buildSettings = {
				APPLICATION_EXTENSION_API_ONLY = NO;
				ASSETCATALOG_COMPILER_APPICON_NAME = AppIcon;
				ASSETCATALOG_COMPILER_INCLUDE_ALL_APPICON_ASSETS = YES;
				BUILD_LIBRARY_FOR_DISTRIBUTION = NO;
				CLANG_ALLOW_NON_MODULAR_INCLUDES_IN_FRAMEWORK_MODULES = YES;
				CLANG_ENABLE_MODULES = YES;
				CODE_SIGN_ENTITLEMENTS = Runner/Runner.entitlements;
				CODE_SIGN_IDENTITY = "Apple Development";
				CODE_SIGN_STYLE = Automatic;
				CURRENT_PROJECT_VERSION = 1;
				ENABLE_BITCODE = NO;
				INFOPLIST_FILE = Runner/Info.plist;
				INFOPLIST_KEY_CFBundleDisplayName = CollaChat;
				INFOPLIST_KEY_LSApplicationCategoryType = "public.app-category.social-networking";
				IPHONEOS_DEPLOYMENT_TARGET = 15.6;
				LD_RUNPATH_SEARCH_PATHS = (
					"$(inherited)",
					"@executable_path/Frameworks",
				);
				MARKETING_VERSION = 1.7.0;
				OTHER_LDFLAGS = (
					"$(inherited)",
					"-ObjC",
					"-l\"bz2\"",
					"-l\"c++\"",
					"-l\"iconv\"",
					"-l\"icucore\"",
					"-l\"sqlite3\"",
					"-l\"sqlite3.0\"",
					"-l\"stdc++\"",
					"-l\"swiftCoreGraphics\"",
					"-l\"xml2\"",
					"-l\"z\"",
					"-framework",
					"\"AVFoundation\"",
					"-framework",
					"\"AVKit\"",
					"-framework",
					"\"Accelerate\"",
					"-framework",
					"\"AgoraAiEchoCancellationExtension\"",
					"-framework",
					"\"AgoraAiNoiseSuppressionExtension\"",
					"-framework",
					"\"AgoraAudioBeautyExtension\"",
					"-framework",
					"\"AgoraClearVisionExtension\"",
					"-framework",
					"\"AgoraContentInspectExtension\"",
					"-framework",
					"\"AgoraCore\"",
					"-framework",
					"\"AgoraDrmLoaderExtension\"",
					"-framework",
					"\"AgoraFaceDetectionExtension\"",
					"-framework",
					"\"AgoraReplayKitExtension\"",
					"-framework",
					"\"AgoraRtcKit\"",
					"-framework",
					"\"AgoraRtcWrapper\"",
					"-framework",
					"\"AgoraSoundTouch\"",
					"-framework",
					"\"AgoraSpatialAudioExtension\"",
					"-framework",
					"\"AgoraVideoDecoderExtension\"",
					"-framework",
					"\"AgoraVideoEncoderExtension\"",
					"-framework",
					"\"AgoraVideoQualityAnalyzerExtension\"",
					"-framework",
					"\"AgoraVideoSegmentationExtension\"",
					"-framework",
					"\"Agorafdkaac\"",
					"-framework",
					"\"Agoraffmpeg\"",
					"-framework",
					"\"Ass\"",
					"-framework",
					"\"AudioToolbox\"",
					"-framework",
					"\"Avcodec\"",
					"-framework",
					"\"Avfilter\"",
					"-framework",
					"\"Avformat\"",
					"-framework",
					"\"Avutil\"",
					"-framework",
					"\"CFNetwork\"",
					"-framework",
					"\"Cache\"",
					"-framework",
					"\"Contacts\"",
					"-framework",
					"\"CoreData\"",
					"-framework",
					"\"CoreGraphics\"",
					"-framework",
					"\"CoreImage\"",
					"-framework",
					"\"CoreLocation\"",
					"-framework",
					"\"CoreMedia\"",
					"-framework",
					"\"CoreTelephony\"",
					"-framework",
					"\"CoreText\"",
					"-framework",
					"\"DKImagePickerController\"",
					"-framework",
					"\"DKPhotoGallery\"",
					"-framework",
					"\"Dav1d\"",
					"-framework",
					"\"FBLPromises\"",
					"-framework",
					"\"FirebaseCore\"",
					"-framework",
					"\"FirebaseCoreInternal\"",
					"-framework",
					"\"FirebaseInstallations\"",
					"-framework",
					"\"FirebaseMessaging\"",
					"-framework",
					"\"Foundation\"",
					"-framework",
					"\"Freetype\"",
					"-framework",
					"\"Fribidi\"",
					"-framework",
					"\"GCDWebServer\"",
					"-framework",
					"\"GLKit\"",
					"-framework",
					"\"GoogleDataTransport\"",
					"-framework",
					"\"GoogleMaps\"",
					"-framework",
					"\"GoogleMapsUtils\"",
					"-framework",
					"\"GoogleUtilities\"",
					"-framework",
					"\"HLSCachingReverseProxyServer\"",
					"-framework",
					"\"Harfbuzz\"",
					"-framework",
					"\"ImageIO\"",
					"-framework",
					"\"Intercom\"",
					"-framework",
					"\"IosAwnCore\"",
					"-framework",
					"\"Mantle\"",
					"-framework",
					"\"Mbedcrypto\"",
					"-framework",
					"\"Mbedtls\"",
					"-framework",
					"\"Mbedx509\"",
					"-framework",
					"\"MediaPlayer\"",
					"-framework",
					"\"Metal\"",
					"-framework",
					"\"MobileCoreServices\"",
					"-framework",
					"\"MobileVLCKit\"",
					"-framework",
					"\"Mpv\"",
					"-framework",
					"\"OpenGLES\"",
					"-framework",
					"\"OpenPGPBridge\"",
					"-framework",
					"\"OrderedSet\"",
					"-framework",
					"\"PINCache\"",
					"-framework",
					"\"PINOperation\"",
					"-framework",
					"\"PhoneNumberKit\"",
					"-framework",
					"\"Photos\"",
					"-framework",
					"\"PhotosUI\"",
					"-framework",
					"\"Png16\"",
					"-framework",
					"\"QMapFoundationKit\"",
					"-framework",
					"\"QMapKit\"",
					"-framework",
					"\"QuartzCore\"",
					"-framework",
					"\"SDWebImage\"",
					"-framework",
					"\"SDWebImageWebPCoder\"",
					"-framework",
					"\"ScreenProtectorKit\"",
					"-framework",
					"\"Security\"",
					"-framework",
					"\"SwiftyGif\"",
					"-framework",
					"\"Swresample\"",
					"-framework",
					"\"Swscale\"",
					"-framework",
					"\"SystemConfiguration\"",
					"-framework",
					"\"TOCropViewController\"",
					"-framework",
					"\"Try\"",
					"-framework",
					"\"UIKit\"",
					"-framework",
					"\"Uchardet\"",
					"-framework",
					"\"VideoToolbox\"",
					"-framework",
					"\"WebKit\"",
					"-framework",
					"\"WebRTC\"",
					"-framework",
					"\"Xml2\"",
					"-framework",
					"\"alarm\"",
					"-framework",
					"\"apple_maps_flutter\"",
					"-framework",
					"\"audio_service\"",
					"-framework",
					"\"audio_session\"",
					"-framework",
					"\"audio_waveforms\"",
					"-framework",
					"\"audioplayers_darwin\"",
					"-framework",
					"\"awesome_notifications\"",
					"-framework",
					"\"battery_plus\"",
					"-framework",
					"\"better_player_plus\"",
					"-framework",
					"\"bonsoir_darwin\"",
					"-framework",
					"\"camera_avfoundation\"",
					"-framework",
					"\"connectivity_plus\"",
					"-framework",
					"\"cryptography_flutter\"",
					"-framework",
					"\"device_info_plus\"",
					"-framework",
					"\"emoji_picker_flutter\"",
					"-framework",
					"\"fc_native_video_thumbnail\"",
					"-framework",
					"\"ffmpeg_kit_flutter_full_gpl\"",
					"-framework",
					"\"ffmpegkit\"",
					"-framework",
					"\"file_picker\"",
					"-framework",
					"\"file_saver\"",
					"-framework",
					"\"file_selector_ios\"",
					"-framework",
					"\"firebase_core\"",
					"-framework",
					"\"firebase_messaging\"",
					"-framework",
					"\"fl_pip\"",
					"-framework",
					"\"flutter_background_executor\"",
					"-framework",
					"\"flutter_background_service_ios\"",
					"-framework",
					"\"flutter_contacts\"",
					"-framework",
					"\"flutter_fgbg\"",
					"-framework",
					"\"flutter_float_window\"",
					"-framework",
					"\"flutter_foreground_task\"",
					"-framework",
					"\"flutter_icmp_ping\"",
					"-framework",
					"\"flutter_image_compress_common\"",
					"-framework",
					"\"flutter_inappwebview_ios\"",
					"-framework",
					"\"flutter_isolate\"",
					"-framework",
					"\"flutter_keyboard_visibility\"",
					"-framework",
					"\"flutter_keyboard_visibility_temp_fork\"",
					"-framework",
					"\"flutter_local_notifications\"",
					"-framework",
					"\"flutter_native_splash\"",
					"-framework",
					"\"flutter_nfc_kit\"",
					"-framework",
					"\"flutter_rotation_sensor\"",
					"-framework",
					"\"flutter_secure_storage\"",
					"-framework",
					"\"flutter_sharing_intent\"",
					"-framework",
					"\"flutter_sound\"",
					"-framework",
					"\"flutter_sound_core\"",
					"-framework",
					"\"flutter_tts\"",
					"-framework",
					"\"flutter_vlc_player\"",
					"-framework",
					"\"flutter_web_auth_2\"",
					"-framework",
					"\"flutter_webrtc\"",
					"-framework",
					"\"fluttercontactpicker\"",
					"-framework",
					"\"fluttertoast\"",
					"-framework",
					"\"gal\"",
					"-framework",
					"\"geocoding_ios\"",
					"-framework",
					"\"geolocator_apple\"",
					"-framework",
					"\"google_maps_flutter_ios\"",
					"-framework",
					"\"image_cropper\"",
					"-framework",
					"\"image_editor_common\"",
					"-framework",
					"\"image_picker_ios\"",
					"-framework",
					"\"intercom_flutter\"",
					"-framework",
					"\"irondash_engine_context\"",
					"-framework",
					"\"just_audio\"",
					"-framework",
					"\"just_waveform\"",
					"-framework",
					"\"keyboard_height_plugin\"",
					"-framework",
					"\"libavcodec\"",
					"-framework",
					"\"libavdevice\"",
					"-framework",
					"\"libavfilter\"",
					"-framework",
					"\"libavformat\"",
					"-framework",
					"\"libavutil\"",
					"-framework",
					"\"libswresample\"",
					"-framework",
					"\"libswscale\"",
					"-framework",
					"\"libwebp\"",
					"-framework",
					"\"light_compressor\"",
					"-framework",
					"\"livekit_client\"",
					"-framework",
					"\"local_auth_darwin\"",
					"-framework",
					"\"location\"",
					"-framework",
					"\"map_launcher\"",
					"-framework",
					"\"media_kit_libs_ios_video\"",
					"-framework",
					"\"media_kit_video\"",
					"-framework",
					"\"mobile_scanner\"",
					"-framework",
					"\"nanopb\"",
					"-framework",
					"\"native_device_orientation\"",
					"-framework",
					"\"network_info_plus\"",
					"-framework",
					"\"nfc_manager\"",
					"-framework",
					"\"no_screenshot\"",
					"-framework",
					"\"nsd_ios\"",
					"-framework",
					"\"open_filex\"",
					"-framework",
					"\"openpgp\"",
					"-framework",
					"\"openvpn_flutter\"",
					"-framework",
					"\"orientation\"",
					"-framework",
					"\"package_info_plus\"",
					"-framework",
					"\"path_provider_foundation\"",
					"-framework",
					"\"pdfx\"",
					"-framework",
					"\"permission_handler_apple\"",
					"-framework",
					"\"phone_number\"",
					"-framework",
					"\"photo_manager\"",
					"-framework",
					"\"pointer_interceptor_ios\"",
					"-framework",
					"\"quill_native_bridge_ios\"",
					"-framework",
					"\"record_ios\"",
					"-framework",
					"\"saver_gallery\"",
					"-framework",
					"\"screen_brightness_ios\"",
					"-framework",
					"\"screenshot_callback\"",
					"-framework",
					"\"secure_application\"",
					"-framework",
					"\"sensors_plus\"",
					"-framework",
					"\"share_plus\"",
					"-framework",
					"\"shared_preferences_foundation\"",
					"-framework",
					"\"speech_to_text\"",
					"-framework",
					"\"sqflite_darwin\"",
					"-framework",
					"\"sqlite3\"",
					"-framework",
					"\"sqlite3_flutter_libs\"",
					"-framework",
					"\"super_native_extensions\"",
					"-framework",
					"\"system_alert_window\"",
					"-framework",
					"\"telephony\"",
					"-framework",
					"\"tencent_map_flutter\"",
					"-framework",
					"\"universal_video_controls\"",
					"-framework",
					"\"url_launcher_ios\"",
					"-framework",
					"\"validation_pro\"",
					"-framework",
					"\"video_compress\"",
					"-framework",
					"\"video_dec\"",
					"-framework",
					"\"video_enc\"",
					"-framework",
					"\"video_player_avfoundation\"",
					"-framework",
					"\"video_thumbnail\"",
					"-framework",
					"\"volume_controller\"",
					"-framework",
					"\"wakelock_plus\"",
					"-framework",
					"\"webview_flutter_wkwebview\"",
					"-weak_framework",
					"\"CoreNFC\"",
					"-weak_framework",
					"\"LinkPresentation\"",
					"-weak_framework",
					"\"UIKit\"",
					"-weak_framework",
					"\"UserNotifications\"",
				);
				PRODUCT_BUNDLE_IDENTIFIER = io.curltech.colla;
				PRODUCT_NAME = "$(TARGET_NAME)";
				PROVISIONING_PROFILE_SPECIFIER = "";
				SUPPORTED_PLATFORMS = "iphoneos iphonesimulator";
				SUPPORTS_MACCATALYST = NO;
				SUPPORTS_MAC_DESIGNED_FOR_IPHONE_IPAD = YES;
				SWIFT_OBJC_BRIDGING_HEADER = "Runner/Runner-Bridging-Header.h";
				SWIFT_OPTIMIZATION_LEVEL = "-Onone";
				SWIFT_VERSION = 5.0;
				TARGETED_DEVICE_FAMILY = "1,2";
				VERSIONING_SYSTEM = "apple-generic";
			};
			name = Debug;
		};
		97C147071CF9000F007C117D /* Release */ = {
			isa = XCBuildConfiguration;
			baseConfigurationReference = 7AFA3C8E1D35360C0083082E /* Release.xcconfig */;
			buildSettings = {
				APPLICATION_EXTENSION_API_ONLY = NO;
				ASSETCATALOG_COMPILER_APPICON_NAME = AppIcon;
				ASSETCATALOG_COMPILER_INCLUDE_ALL_APPICON_ASSETS = YES;
				BUILD_LIBRARY_FOR_DISTRIBUTION = NO;
				CLANG_ALLOW_NON_MODULAR_INCLUDES_IN_FRAMEWORK_MODULES = YES;
				CLANG_ENABLE_MODULES = YES;
				CODE_SIGN_ENTITLEMENTS = Runner/Runner.entitlements;
				CODE_SIGN_IDENTITY = "Apple Development";
				CODE_SIGN_STYLE = Automatic;
				CURRENT_PROJECT_VERSION = 1;
				ENABLE_BITCODE = NO;
				INFOPLIST_FILE = Runner/Info.plist;
				INFOPLIST_KEY_CFBundleDisplayName = CollaChat;
				INFOPLIST_KEY_LSApplicationCategoryType = "public.app-category.social-networking";
				IPHONEOS_DEPLOYMENT_TARGET = 15.6;
				LD_RUNPATH_SEARCH_PATHS = (
					"$(inherited)",
					"@executable_path/Frameworks",
				);
				MARKETING_VERSION = 1.7.0;
				OTHER_LDFLAGS = (
					"$(inherited)",
					"-ObjC",
					"-l\"bz2\"",
					"-l\"c++\"",
					"-l\"iconv\"",
					"-l\"icucore\"",
					"-l\"sqlite3\"",
					"-l\"sqlite3.0\"",
					"-l\"stdc++\"",
					"-l\"swiftCoreGraphics\"",
					"-l\"xml2\"",
					"-l\"z\"",
					"-framework",
					"\"AVFoundation\"",
					"-framework",
					"\"AVKit\"",
					"-framework",
					"\"Accelerate\"",
					"-framework",
					"\"AgoraAiEchoCancellationExtension\"",
					"-framework",
					"\"AgoraAiNoiseSuppressionExtension\"",
					"-framework",
					"\"AgoraAudioBeautyExtension\"",
					"-framework",
					"\"AgoraClearVisionExtension\"",
					"-framework",
					"\"AgoraContentInspectExtension\"",
					"-framework",
					"\"AgoraCore\"",
					"-framework",
					"\"AgoraDrmLoaderExtension\"",
					"-framework",
					"\"AgoraFaceDetectionExtension\"",
					"-framework",
					"\"AgoraReplayKitExtension\"",
					"-framework",
					"\"AgoraRtcKit\"",
					"-framework",
					"\"AgoraRtcWrapper\"",
					"-framework",
					"\"AgoraSoundTouch\"",
					"-framework",
					"\"AgoraSpatialAudioExtension\"",
					"-framework",
					"\"AgoraVideoDecoderExtension\"",
					"-framework",
					"\"AgoraVideoEncoderExtension\"",
					"-framework",
					"\"AgoraVideoQualityAnalyzerExtension\"",
					"-framework",
					"\"AgoraVideoSegmentationExtension\"",
					"-framework",
					"\"Agorafdkaac\"",
					"-framework",
					"\"Agoraffmpeg\"",
					"-framework",
					"\"Ass\"",
					"-framework",
					"\"AudioToolbox\"",
					"-framework",
					"\"Avcodec\"",
					"-framework",
					"\"Avfilter\"",
					"-framework",
					"\"Avformat\"",
					"-framework",
					"\"Avutil\"",
					"-framework",
					"\"CFNetwork\"",
					"-framework",
					"\"Cache\"",
					"-framework",
					"\"Contacts\"",
					"-framework",
					"\"CoreData\"",
					"-framework",
					"\"CoreGraphics\"",
					"-framework",
					"\"CoreImage\"",
					"-framework",
					"\"CoreLocation\"",
					"-framework",
					"\"CoreMedia\"",
					"-framework",
					"\"CoreTelephony\"",
					"-framework",
					"\"CoreText\"",
					"-framework",
					"\"DKImagePickerController\"",
					"-framework",
					"\"DKPhotoGallery\"",
					"-framework",
					"\"Dav1d\"",
					"-framework",
					"\"FBLPromises\"",
					"-framework",
					"\"FirebaseCore\"",
					"-framework",
					"\"FirebaseCoreInternal\"",
					"-framework",
					"\"FirebaseInstallations\"",
					"-framework",
					"\"FirebaseMessaging\"",
					"-framework",
					"\"Foundation\"",
					"-framework",
					"\"Freetype\"",
					"-framework",
					"\"Fribidi\"",
					"-framework",
					"\"GCDWebServer\"",
					"-framework",
					"\"GLKit\"",
					"-framework",
					"\"GoogleDataTransport\"",
					"-framework",
					"\"GoogleMaps\"",
					"-framework",
					"\"GoogleMapsUtils\"",
					"-framework",
					"\"GoogleUtilities\"",
					"-framework",
					"\"HLSCachingReverseProxyServer\"",
					"-framework",
					"\"Harfbuzz\"",
					"-framework",
					"\"ImageIO\"",
					"-framework",
					"\"Intercom\"",
					"-framework",
					"\"IosAwnCore\"",
					"-framework",
					"\"Mantle\"",
					"-framework",
					"\"Mbedcrypto\"",
					"-framework",
					"\"Mbedtls\"",
					"-framework",
					"\"Mbedx509\"",
					"-framework",
					"\"MediaPlayer\"",
					"-framework",
					"\"Metal\"",
					"-framework",
					"\"MobileCoreServices\"",
					"-framework",
					"\"MobileVLCKit\"",
					"-framework",
					"\"Mpv\"",
					"-framework",
					"\"OpenGLES\"",
					"-framework",
					"\"OpenPGPBridge\"",
					"-framework",
					"\"OrderedSet\"",
					"-framework",
					"\"PINCache\"",
					"-framework",
					"\"PINOperation\"",
					"-framework",
					"\"PhoneNumberKit\"",
					"-framework",
					"\"Photos\"",
					"-framework",
					"\"PhotosUI\"",
					"-framework",
					"\"Png16\"",
					"-framework",
					"\"QMapFoundationKit\"",
					"-framework",
					"\"QMapKit\"",
					"-framework",
					"\"QuartzCore\"",
					"-framework",
					"\"SDWebImage\"",
					"-framework",
					"\"SDWebImageWebPCoder\"",
					"-framework",
					"\"ScreenProtectorKit\"",
					"-framework",
					"\"Security\"",
					"-framework",
					"\"SwiftyGif\"",
					"-framework",
					"\"Swresample\"",
					"-framework",
					"\"Swscale\"",
					"-framework",
					"\"SystemConfiguration\"",
					"-framework",
					"\"TOCropViewController\"",
					"-framework",
					"\"Try\"",
					"-framework",
					"\"UIKit\"",
					"-framework",
					"\"Uchardet\"",
					"-framework",
					"\"VideoToolbox\"",
					"-framework",
					"\"WebKit\"",
					"-framework",
					"\"WebRTC\"",
					"-framework",
					"\"Xml2\"",
					"-framework",
					"\"alarm\"",
					"-framework",
					"\"apple_maps_flutter\"",
					"-framework",
					"\"audio_service\"",
					"-framework",
					"\"audio_session\"",
					"-framework",
					"\"audio_waveforms\"",
					"-framework",
					"\"audioplayers_darwin\"",
					"-framework",
					"\"awesome_notifications\"",
					"-framework",
					"\"battery_plus\"",
					"-framework",
					"\"better_player_plus\"",
					"-framework",
					"\"bonsoir_darwin\"",
					"-framework",
					"\"camera_avfoundation\"",
					"-framework",
					"\"connectivity_plus\"",
					"-framework",
					"\"cryptography_flutter\"",
					"-framework",
					"\"device_info_plus\"",
					"-framework",
					"\"emoji_picker_flutter\"",
					"-framework",
					"\"fc_native_video_thumbnail\"",
					"-framework",
					"\"ffmpeg_kit_flutter_full_gpl\"",
					"-framework",
					"\"ffmpegkit\"",
					"-framework",
					"\"file_picker\"",
					"-framework",
					"\"file_saver\"",
					"-framework",
					"\"file_selector_ios\"",
					"-framework",
					"\"firebase_core\"",
					"-framework",
					"\"firebase_messaging\"",
					"-framework",
					"\"fl_pip\"",
					"-framework",
					"\"flutter_background_executor\"",
					"-framework",
					"\"flutter_background_service_ios\"",
					"-framework",
					"\"flutter_contacts\"",
					"-framework",
					"\"flutter_fgbg\"",
					"-framework",
					"\"flutter_float_window\"",
					"-framework",
					"\"flutter_foreground_task\"",
					"-framework",
					"\"flutter_icmp_ping\"",
					"-framework",
					"\"flutter_image_compress_common\"",
					"-framework",
					"\"flutter_inappwebview_ios\"",
					"-framework",
					"\"flutter_isolate\"",
					"-framework",
					"\"flutter_keyboard_visibility\"",
					"-framework",
					"\"flutter_keyboard_visibility_temp_fork\"",
					"-framework",
					"\"flutter_local_notifications\"",
					"-framework",
					"\"flutter_native_splash\"",
					"-framework",
					"\"flutter_nfc_kit\"",
					"-framework",
					"\"flutter_rotation_sensor\"",
					"-framework",
					"\"flutter_secure_storage\"",
					"-framework",
					"\"flutter_sharing_intent\"",
					"-framework",
					"\"flutter_sound\"",
					"-framework",
					"\"flutter_sound_core\"",
					"-framework",
					"\"flutter_tts\"",
					"-framework",
					"\"flutter_vlc_player\"",
					"-framework",
					"\"flutter_web_auth_2\"",
					"-framework",
					"\"flutter_webrtc\"",
					"-framework",
					"\"fluttercontactpicker\"",
					"-framework",
					"\"fluttertoast\"",
					"-framework",
					"\"gal\"",
					"-framework",
					"\"geocoding_ios\"",
					"-framework",
					"\"geolocator_apple\"",
					"-framework",
					"\"google_maps_flutter_ios\"",
					"-framework",
					"\"image_cropper\"",
					"-framework",
					"\"image_editor_common\"",
					"-framework",
					"\"image_picker_ios\"",
					"-framework",
					"\"intercom_flutter\"",
					"-framework",
					"\"irondash_engine_context\"",
					"-framework",
					"\"just_audio\"",
					"-framework",
					"\"just_waveform\"",
					"-framework",
					"\"keyboard_height_plugin\"",
					"-framework",
					"\"libavcodec\"",
					"-framework",
					"\"libavdevice\"",
					"-framework",
					"\"libavfilter\"",
					"-framework",
					"\"libavformat\"",
					"-framework",
					"\"libavutil\"",
					"-framework",
					"\"libswresample\"",
					"-framework",
					"\"libswscale\"",
					"-framework",
					"\"libwebp\"",
					"-framework",
					"\"light_compressor\"",
					"-framework",
					"\"livekit_client\"",
					"-framework",
					"\"local_auth_darwin\"",
					"-framework",
					"\"location\"",
					"-framework",
					"\"map_launcher\"",
					"-framework",
					"\"media_kit_libs_ios_video\"",
					"-framework",
					"\"media_kit_video\"",
					"-framework",
					"\"mobile_scanner\"",
					"-framework",
					"\"nanopb\"",
					"-framework",
					"\"native_device_orientation\"",
					"-framework",
					"\"network_info_plus\"",
					"-framework",
					"\"nfc_manager\"",
					"-framework",
					"\"no_screenshot\"",
					"-framework",
					"\"nsd_ios\"",
					"-framework",
					"\"open_filex\"",
					"-framework",
					"\"openpgp\"",
					"-framework",
					"\"openvpn_flutter\"",
					"-framework",
					"\"orientation\"",
					"-framework",
					"\"package_info_plus\"",
					"-framework",
					"\"path_provider_foundation\"",
					"-framework",
					"\"pdfx\"",
					"-framework",
					"\"permission_handler_apple\"",
					"-framework",
					"\"phone_number\"",
					"-framework",
					"\"photo_manager\"",
					"-framework",
					"\"pointer_interceptor_ios\"",
					"-framework",
					"\"quill_native_bridge_ios\"",
					"-framework",
					"\"record_ios\"",
					"-framework",
					"\"saver_gallery\"",
					"-framework",
					"\"screen_brightness_ios\"",
					"-framework",
					"\"screenshot_callback\"",
					"-framework",
					"\"secure_application\"",
					"-framework",
					"\"sensors_plus\"",
					"-framework",
					"\"share_plus\"",
					"-framework",
					"\"shared_preferences_foundation\"",
					"-framework",
					"\"speech_to_text\"",
					"-framework",
					"\"sqflite_darwin\"",
					"-framework",
					"\"sqlite3\"",
					"-framework",
					"\"sqlite3_flutter_libs\"",
					"-framework",
					"\"super_native_extensions\"",
					"-framework",
					"\"system_alert_window\"",
					"-framework",
					"\"telephony\"",
					"-framework",
					"\"tencent_map_flutter\"",
					"-framework",
					"\"universal_video_controls\"",
					"-framework",
					"\"url_launcher_ios\"",
					"-framework",
					"\"validation_pro\"",
					"-framework",
					"\"video_compress\"",
					"-framework",
					"\"video_dec\"",
					"-framework",
					"\"video_enc\"",
					"-framework",
					"\"video_player_avfoundation\"",
					"-framework",
					"\"video_thumbnail\"",
					"-framework",
					"\"volume_controller\"",
					"-framework",
					"\"wakelock_plus\"",
					"-framework",
					"\"webview_flutter_wkwebview\"",
					"-weak_framework",
					"\"CoreNFC\"",
					"-weak_framework",
					"\"LinkPresentation\"",
					"-weak_framework",
					"\"UIKit\"",
					"-weak_framework",
					"\"UserNotifications\"",
				);
				PRODUCT_BUNDLE_IDENTIFIER = io.curltech.colla;
				PRODUCT_NAME = "$(TARGET_NAME)";
				PROVISIONING_PROFILE_SPECIFIER = "";
				SUPPORTED_PLATFORMS = "iphoneos iphonesimulator";
				SUPPORTS_MACCATALYST = NO;
				SUPPORTS_MAC_DESIGNED_FOR_IPHONE_IPAD = YES;
				SWIFT_OBJC_BRIDGING_HEADER = "Runner/Runner-Bridging-Header.h";
				SWIFT_VERSION = 5.0;
				TARGETED_DEVICE_FAMILY = "1,2";
				VERSIONING_SYSTEM = "apple-generic";
			};
			name = Release;
		};
		F40D64842ABA5CE10088D39C /* Debug */ = {
			isa = XCBuildConfiguration;
			buildSettings = {
				CLANG_ANALYZER_NUMBER_OBJECT_CONVERSION = YES_AGGRESSIVE;
				CLANG_CXX_LANGUAGE_STANDARD = "gnu++20";
				CLANG_ENABLE_OBJC_WEAK = YES;
				CLANG_WARN_DOCUMENTATION_COMMENTS = YES;
				CLANG_WARN_UNGUARDED_AVAILABILITY = YES_AGGRESSIVE;
				CODE_SIGN_IDENTITY = "Apple Development";
				CODE_SIGN_STYLE = Automatic;
				CURRENT_PROJECT_VERSION = 1;
				GCC_C_LANGUAGE_STANDARD = gnu11;
				GENERATE_INFOPLIST_FILE = YES;
				INFOPLIST_FILE = "Broadcast Extension/Info.plist";
				INFOPLIST_KEY_CFBundleDisplayName = "Broadcast Extension";
				INFOPLIST_KEY_NSHumanReadableCopyright = "";
				IPHONEOS_DEPLOYMENT_TARGET = 16.4;
				LD_RUNPATH_SEARCH_PATHS = (
					"$(inherited)",
					"@executable_path/Frameworks",
					"@executable_path/../../Frameworks",
				);
				MARKETING_VERSION = 1.0;
				MTL_ENABLE_DEBUG_INFO = INCLUDE_SOURCE;
				MTL_FAST_MATH = YES;
				PRODUCT_BUNDLE_IDENTIFIER = "io.curltech.colla.Broadcast-Extension";
				PRODUCT_NAME = "$(TARGET_NAME)";
				SKIP_INSTALL = YES;
				SWIFT_ACTIVE_COMPILATION_CONDITIONS = DEBUG;
				SWIFT_EMIT_LOC_STRINGS = YES;
				SWIFT_OPTIMIZATION_LEVEL = "-Onone";
				SWIFT_VERSION = 5.0;
				TARGETED_DEVICE_FAMILY = "1,2";
			};
			name = Debug;
		};
		F40D64852ABA5CE10088D39C /* Release */ = {
			isa = XCBuildConfiguration;
			buildSettings = {
				CLANG_ANALYZER_NUMBER_OBJECT_CONVERSION = YES_AGGRESSIVE;
				CLANG_CXX_LANGUAGE_STANDARD = "gnu++20";
				CLANG_ENABLE_OBJC_WEAK = YES;
				CLANG_WARN_DOCUMENTATION_COMMENTS = YES;
				CLANG_WARN_UNGUARDED_AVAILABILITY = YES_AGGRESSIVE;
				CODE_SIGN_IDENTITY = "Apple Development";
				CODE_SIGN_STYLE = Automatic;
				CURRENT_PROJECT_VERSION = 1;
				GCC_C_LANGUAGE_STANDARD = gnu11;
				GENERATE_INFOPLIST_FILE = YES;
				INFOPLIST_FILE = "Broadcast Extension/Info.plist";
				INFOPLIST_KEY_CFBundleDisplayName = "Broadcast Extension";
				INFOPLIST_KEY_NSHumanReadableCopyright = "";
				IPHONEOS_DEPLOYMENT_TARGET = 16.4;
				LD_RUNPATH_SEARCH_PATHS = (
					"$(inherited)",
					"@executable_path/Frameworks",
					"@executable_path/../../Frameworks",
				);
				MARKETING_VERSION = 1.0;
				MTL_FAST_MATH = YES;
				PRODUCT_BUNDLE_IDENTIFIER = "io.curltech.colla.Broadcast-Extension";
				PRODUCT_NAME = "$(TARGET_NAME)";
				SKIP_INSTALL = YES;
				SWIFT_EMIT_LOC_STRINGS = YES;
				SWIFT_VERSION = 5.0;
				TARGETED_DEVICE_FAMILY = "1,2";
			};
			name = Release;
		};
		F40D64862ABA5CE10088D39C /* Profile */ = {
			isa = XCBuildConfiguration;
			buildSettings = {
				CLANG_ANALYZER_NUMBER_OBJECT_CONVERSION = YES_AGGRESSIVE;
				CLANG_CXX_LANGUAGE_STANDARD = "gnu++20";
				CLANG_ENABLE_OBJC_WEAK = YES;
				CLANG_WARN_DOCUMENTATION_COMMENTS = YES;
				CLANG_WARN_UNGUARDED_AVAILABILITY = YES_AGGRESSIVE;
				CODE_SIGN_IDENTITY = "Apple Development";
				CODE_SIGN_STYLE = Automatic;
				CURRENT_PROJECT_VERSION = 1;
				GCC_C_LANGUAGE_STANDARD = gnu11;
				GENERATE_INFOPLIST_FILE = YES;
				INFOPLIST_FILE = "Broadcast Extension/Info.plist";
				INFOPLIST_KEY_CFBundleDisplayName = "Broadcast Extension";
				INFOPLIST_KEY_NSHumanReadableCopyright = "";
				IPHONEOS_DEPLOYMENT_TARGET = 16.4;
				LD_RUNPATH_SEARCH_PATHS = (
					"$(inherited)",
					"@executable_path/Frameworks",
					"@executable_path/../../Frameworks",
				);
				MARKETING_VERSION = 1.0;
				MTL_FAST_MATH = YES;
				PRODUCT_BUNDLE_IDENTIFIER = "io.curltech.colla.Broadcast-Extension";
				PRODUCT_NAME = "$(TARGET_NAME)";
				SKIP_INSTALL = YES;
				SWIFT_EMIT_LOC_STRINGS = YES;
				SWIFT_VERSION = 5.0;
				TARGETED_DEVICE_FAMILY = "1,2";
			};
			name = Profile;
		};
		F40D64A02ABDA97A0088D39C /* Debug */ = {
			isa = XCBuildConfiguration;
			baseConfigurationReference = 1E7841710555E5784AAAB784 /* Pods-ImageNotification.debug.xcconfig */;
			buildSettings = {
				CLANG_ANALYZER_NUMBER_OBJECT_CONVERSION = YES_AGGRESSIVE;
				CLANG_CXX_LANGUAGE_STANDARD = "gnu++20";
				CLANG_ENABLE_OBJC_WEAK = YES;
				CLANG_WARN_DOCUMENTATION_COMMENTS = YES;
				CLANG_WARN_UNGUARDED_AVAILABILITY = YES_AGGRESSIVE;
				CODE_SIGN_IDENTITY = "Apple Development";
				CODE_SIGN_STYLE = Automatic;
				CURRENT_PROJECT_VERSION = 1;
				EXCLUDED_ARCHS = "";
				"EXCLUDED_ARCHS[sdk=iphoneos*]" = armv7;
				"EXCLUDED_ARCHS[sdk=iphonesimulator*]" = arm64;
				GCC_C_LANGUAGE_STANDARD = gnu11;
				GENERATE_INFOPLIST_FILE = YES;
				INFOPLIST_FILE = ImageNotification/Info.plist;
				INFOPLIST_KEY_CFBundleDisplayName = ImageNotification;
				INFOPLIST_KEY_NSHumanReadableCopyright = "";
				IPHONEOS_DEPLOYMENT_TARGET = 16.4;
				LD_RUNPATH_SEARCH_PATHS = (
					"$(inherited)",
					"@executable_path/Frameworks",
					"@executable_path/../../Frameworks",
				);
				MARKETING_VERSION = 1.0;
				MTL_ENABLE_DEBUG_INFO = INCLUDE_SOURCE;
				MTL_FAST_MATH = YES;
				OTHER_LDFLAGS = (
					"$(inherited)",
					"-l\"sqlite3\"",
					"-l\"z\"",
					"-framework",
					"\"CoreTelephony\"",
					"-framework",
					"\"FirebaseCore\"",
					"-framework",
					"\"FirebaseCoreInternal\"",
					"-framework",
					"\"FirebaseInstallations\"",
					"-framework",
					"\"FirebaseMessaging\"",
					"-framework",
					"\"Foundation\"",
					"-framework",
					"\"GoogleDataTransport\"",
					"-framework",
					"\"GoogleUtilities\"",
					"-framework",
					"\"Security\"",
					"-framework",
					"\"SystemConfiguration\"",
					"-framework",
					"\"UIKit\"",
					"-framework",
					"\"nanopb\"",
					"-weak_framework",
					"\"UserNotifications\"",
				);
				PRODUCT_BUNDLE_IDENTIFIER = io.curltech.colla.ImageNotification;
				PRODUCT_NAME = "$(TARGET_NAME)";
				SKIP_INSTALL = YES;
				SWIFT_EMIT_LOC_STRINGS = YES;
				TARGETED_DEVICE_FAMILY = "1,2";
			};
			name = Debug;
		};
		F40D64A12ABDA97A0088D39C /* Release */ = {
			isa = XCBuildConfiguration;
			baseConfigurationReference = 7FEC15C0047CD56804D4C865 /* Pods-ImageNotification.release.xcconfig */;
			buildSettings = {
				CLANG_ANALYZER_NUMBER_OBJECT_CONVERSION = YES_AGGRESSIVE;
				CLANG_CXX_LANGUAGE_STANDARD = "gnu++20";
				CLANG_ENABLE_OBJC_WEAK = YES;
				CLANG_WARN_DOCUMENTATION_COMMENTS = YES;
				CLANG_WARN_UNGUARDED_AVAILABILITY = YES_AGGRESSIVE;
				CODE_SIGN_IDENTITY = "Apple Development";
				CODE_SIGN_STYLE = Automatic;
				CURRENT_PROJECT_VERSION = 1;
				EXCLUDED_ARCHS = "";
				"EXCLUDED_ARCHS[sdk=iphoneos*]" = armv7;
				"EXCLUDED_ARCHS[sdk=iphonesimulator*]" = arm64;
				GCC_C_LANGUAGE_STANDARD = gnu11;
				GENERATE_INFOPLIST_FILE = YES;
				INFOPLIST_FILE = ImageNotification/Info.plist;
				INFOPLIST_KEY_CFBundleDisplayName = ImageNotification;
				INFOPLIST_KEY_NSHumanReadableCopyright = "";
				IPHONEOS_DEPLOYMENT_TARGET = 16.4;
				LD_RUNPATH_SEARCH_PATHS = (
					"$(inherited)",
					"@executable_path/Frameworks",
					"@executable_path/../../Frameworks",
				);
				MARKETING_VERSION = 1.0;
				MTL_FAST_MATH = YES;
				OTHER_LDFLAGS = (
					"$(inherited)",
					"-l\"sqlite3\"",
					"-l\"z\"",
					"-framework",
					"\"CoreTelephony\"",
					"-framework",
					"\"FirebaseCore\"",
					"-framework",
					"\"FirebaseCoreInternal\"",
					"-framework",
					"\"FirebaseInstallations\"",
					"-framework",
					"\"FirebaseMessaging\"",
					"-framework",
					"\"Foundation\"",
					"-framework",
					"\"GoogleDataTransport\"",
					"-framework",
					"\"GoogleUtilities\"",
					"-framework",
					"\"Security\"",
					"-framework",
					"\"SystemConfiguration\"",
					"-framework",
					"\"UIKit\"",
					"-framework",
					"\"nanopb\"",
					"-weak_framework",
					"\"UserNotifications\"",
				);
				PRODUCT_BUNDLE_IDENTIFIER = io.curltech.colla.ImageNotification;
				PRODUCT_NAME = "$(TARGET_NAME)";
				SKIP_INSTALL = YES;
				SWIFT_EMIT_LOC_STRINGS = YES;
				TARGETED_DEVICE_FAMILY = "1,2";
			};
			name = Release;
		};
		F40D64A22ABDA97A0088D39C /* Profile */ = {
			isa = XCBuildConfiguration;
			baseConfigurationReference = 523F00C57208639A70EE4E13 /* Pods-ImageNotification.profile.xcconfig */;
			buildSettings = {
				CLANG_ANALYZER_NUMBER_OBJECT_CONVERSION = YES_AGGRESSIVE;
				CLANG_CXX_LANGUAGE_STANDARD = "gnu++20";
				CLANG_ENABLE_OBJC_WEAK = YES;
				CLANG_WARN_DOCUMENTATION_COMMENTS = YES;
				CLANG_WARN_UNGUARDED_AVAILABILITY = YES_AGGRESSIVE;
				CODE_SIGN_IDENTITY = "Apple Development";
				CODE_SIGN_STYLE = Automatic;
				CURRENT_PROJECT_VERSION = 1;
				EXCLUDED_ARCHS = "";
				"EXCLUDED_ARCHS[sdk=iphoneos*]" = armv7;
				"EXCLUDED_ARCHS[sdk=iphonesimulator*]" = arm64;
				GCC_C_LANGUAGE_STANDARD = gnu11;
				GENERATE_INFOPLIST_FILE = YES;
				INFOPLIST_FILE = ImageNotification/Info.plist;
				INFOPLIST_KEY_CFBundleDisplayName = ImageNotification;
				INFOPLIST_KEY_NSHumanReadableCopyright = "";
				IPHONEOS_DEPLOYMENT_TARGET = 16.4;
				LD_RUNPATH_SEARCH_PATHS = (
					"$(inherited)",
					"@executable_path/Frameworks",
					"@executable_path/../../Frameworks",
				);
				MARKETING_VERSION = 1.0;
				MTL_FAST_MATH = YES;
				OTHER_LDFLAGS = (
					"$(inherited)",
					"-l\"sqlite3\"",
					"-l\"z\"",
					"-framework",
					"\"CoreTelephony\"",
					"-framework",
					"\"FirebaseCore\"",
					"-framework",
					"\"FirebaseCoreInternal\"",
					"-framework",
					"\"FirebaseInstallations\"",
					"-framework",
					"\"FirebaseMessaging\"",
					"-framework",
					"\"Foundation\"",
					"-framework",
					"\"GoogleDataTransport\"",
					"-framework",
					"\"GoogleUtilities\"",
					"-framework",
					"\"Security\"",
					"-framework",
					"\"SystemConfiguration\"",
					"-framework",
					"\"UIKit\"",
					"-framework",
					"\"nanopb\"",
					"-weak_framework",
					"\"UserNotifications\"",
				);
				PRODUCT_BUNDLE_IDENTIFIER = io.curltech.colla.ImageNotification;
				PRODUCT_NAME = "$(TARGET_NAME)";
				SKIP_INSTALL = YES;
				SWIFT_EMIT_LOC_STRINGS = YES;
				TARGETED_DEVICE_FAMILY = "1,2";
			};
			name = Profile;
		};
		F41955FD2A361F68008F271E /* Debug */ = {
			isa = XCBuildConfiguration;
			buildSettings = {
				CLANG_ANALYZER_NUMBER_OBJECT_CONVERSION = YES_AGGRESSIVE;
				CLANG_CXX_LANGUAGE_STANDARD = "gnu++20";
				CLANG_ENABLE_OBJC_WEAK = YES;
				CLANG_WARN_DOCUMENTATION_COMMENTS = YES;
				CLANG_WARN_UNGUARDED_AVAILABILITY = YES_AGGRESSIVE;
				CODE_SIGN_ENTITLEMENTS = "Share Extension/Share Extension.entitlements";
				CODE_SIGN_STYLE = Automatic;
				CURRENT_PROJECT_VERSION = 1;
				GCC_C_LANGUAGE_STANDARD = gnu11;
				GENERATE_INFOPLIST_FILE = YES;
				INFOPLIST_FILE = "Share Extension/Info.plist";
				INFOPLIST_KEY_CFBundleDisplayName = "Sharing Extension";
				INFOPLIST_KEY_NSHumanReadableCopyright = "";
				IPHONEOS_DEPLOYMENT_TARGET = 16.4;
				LD_RUNPATH_SEARCH_PATHS = (
					"$(inherited)",
					"@executable_path/Frameworks",
					"@executable_path/../../Frameworks",
				);
				MARKETING_VERSION = 1.0;
				MTL_ENABLE_DEBUG_INFO = INCLUDE_SOURCE;
				MTL_FAST_MATH = YES;
				PRODUCT_BUNDLE_IDENTIFIER = io.curltech.colla.ShareExtension;
				PRODUCT_NAME = "$(TARGET_NAME)";
				SKIP_INSTALL = YES;
				SWIFT_ACTIVE_COMPILATION_CONDITIONS = DEBUG;
				SWIFT_EMIT_LOC_STRINGS = YES;
				SWIFT_OPTIMIZATION_LEVEL = "-Onone";
				SWIFT_VERSION = 5.0;
				TARGETED_DEVICE_FAMILY = "1,2";
			};
			name = Debug;
		};
		F41955FE2A361F68008F271E /* Release */ = {
			isa = XCBuildConfiguration;
			buildSettings = {
				CLANG_ANALYZER_NUMBER_OBJECT_CONVERSION = YES_AGGRESSIVE;
				CLANG_CXX_LANGUAGE_STANDARD = "gnu++20";
				CLANG_ENABLE_OBJC_WEAK = YES;
				CLANG_WARN_DOCUMENTATION_COMMENTS = YES;
				CLANG_WARN_UNGUARDED_AVAILABILITY = YES_AGGRESSIVE;
				CODE_SIGN_ENTITLEMENTS = "Share Extension/Share Extension.entitlements";
				CODE_SIGN_STYLE = Automatic;
				CURRENT_PROJECT_VERSION = 1;
				GCC_C_LANGUAGE_STANDARD = gnu11;
				GENERATE_INFOPLIST_FILE = YES;
				INFOPLIST_FILE = "Share Extension/Info.plist";
				INFOPLIST_KEY_CFBundleDisplayName = "Sharing Extension";
				INFOPLIST_KEY_NSHumanReadableCopyright = "";
				IPHONEOS_DEPLOYMENT_TARGET = 16.4;
				LD_RUNPATH_SEARCH_PATHS = (
					"$(inherited)",
					"@executable_path/Frameworks",
					"@executable_path/../../Frameworks",
				);
				MARKETING_VERSION = 1.0;
				MTL_FAST_MATH = YES;
				PRODUCT_BUNDLE_IDENTIFIER = io.curltech.colla.ShareExtension;
				PRODUCT_NAME = "$(TARGET_NAME)";
				SKIP_INSTALL = YES;
				SWIFT_EMIT_LOC_STRINGS = YES;
				SWIFT_VERSION = 5.0;
				TARGETED_DEVICE_FAMILY = "1,2";
			};
			name = Release;
		};
		F41955FF2A361F68008F271E /* Profile */ = {
			isa = XCBuildConfiguration;
			buildSettings = {
				CLANG_ANALYZER_NUMBER_OBJECT_CONVERSION = YES_AGGRESSIVE;
				CLANG_CXX_LANGUAGE_STANDARD = "gnu++20";
				CLANG_ENABLE_OBJC_WEAK = YES;
				CLANG_WARN_DOCUMENTATION_COMMENTS = YES;
				CLANG_WARN_UNGUARDED_AVAILABILITY = YES_AGGRESSIVE;
				CODE_SIGN_ENTITLEMENTS = "Share Extension/Share Extension.entitlements";
				CODE_SIGN_IDENTITY = "Apple Development";
				CODE_SIGN_STYLE = Automatic;
				CURRENT_PROJECT_VERSION = 1;
				GCC_C_LANGUAGE_STANDARD = gnu11;
				GENERATE_INFOPLIST_FILE = YES;
				INFOPLIST_FILE = "Share Extension/Info.plist";
				INFOPLIST_KEY_CFBundleDisplayName = "Sharing Extension";
				INFOPLIST_KEY_NSHumanReadableCopyright = "";
				IPHONEOS_DEPLOYMENT_TARGET = 16.4;
				LD_RUNPATH_SEARCH_PATHS = (
					"$(inherited)",
					"@executable_path/Frameworks",
					"@executable_path/../../Frameworks",
				);
				MARKETING_VERSION = 1.0;
				MTL_FAST_MATH = YES;
				PRODUCT_BUNDLE_IDENTIFIER = io.curltech.colla.ShareExtension;
				PRODUCT_NAME = "$(TARGET_NAME)";
				SKIP_INSTALL = YES;
				SWIFT_EMIT_LOC_STRINGS = YES;
				SWIFT_VERSION = 5.0;
				TARGETED_DEVICE_FAMILY = "1,2";
			};
			name = Profile;
		};
/* End XCBuildConfiguration section */

/* Begin XCConfigurationList section */
		97C146E91CF9000F007C117D /* Build configuration list for PBXProject "Runner" */ = {
			isa = XCConfigurationList;
			buildConfigurations = (
				97C147031CF9000F007C117D /* Debug */,
				97C147041CF9000F007C117D /* Release */,
				249021D3217E4FDB00AE95B9 /* Profile */,
			);
			defaultConfigurationIsVisible = 0;
			defaultConfigurationName = Release;
		};
		97C147051CF9000F007C117D /* Build configuration list for PBXNativeTarget "Runner" */ = {
			isa = XCConfigurationList;
			buildConfigurations = (
				97C147061CF9000F007C117D /* Debug */,
				97C147071CF9000F007C117D /* Release */,
				249021D4217E4FDB00AE95B9 /* Profile */,
			);
			defaultConfigurationIsVisible = 0;
			defaultConfigurationName = Release;
		};
		F40D64832ABA5CE10088D39C /* Build configuration list for PBXNativeTarget "Broadcast Extension" */ = {
			isa = XCConfigurationList;
			buildConfigurations = (
				F40D64842ABA5CE10088D39C /* Debug */,
				F40D64852ABA5CE10088D39C /* Release */,
				F40D64862ABA5CE10088D39C /* Profile */,
			);
			defaultConfigurationIsVisible = 0;
			defaultConfigurationName = Release;
		};
		F40D649F2ABDA97A0088D39C /* Build configuration list for PBXNativeTarget "ImageNotification" */ = {
			isa = XCConfigurationList;
			buildConfigurations = (
				F40D64A02ABDA97A0088D39C /* Debug */,
				F40D64A12ABDA97A0088D39C /* Release */,
				F40D64A22ABDA97A0088D39C /* Profile */,
			);
			defaultConfigurationIsVisible = 0;
			defaultConfigurationName = Release;
		};
		F41956002A361F68008F271E /* Build configuration list for PBXNativeTarget "Share Extension" */ = {
			isa = XCConfigurationList;
			buildConfigurations = (
				F41955FD2A361F68008F271E /* Debug */,
				F41955FE2A361F68008F271E /* Release */,
				F41955FF2A361F68008F271E /* Profile */,
			);
			defaultConfigurationIsVisible = 0;
			defaultConfigurationName = Release;
		};
/* End XCConfigurationList section */
	};
	rootObject = 97C146E61CF9000F007C117D /* Project object */;
}
